// !$*UTF8*$!
{
	archiveVersion = 1;
	classes = {
	};
	objectVersion = 55;
	objects = {

/* Begin PBXBuildFile section */
		BEED2A8A28A5B32D00EE1E5D /* AppActions.swift in Sources */ = {isa = PBXBuildFile; fileRef = BEED2A8928A5B32D00EE1E5D /* AppActions.swift */; };
		BE682F72288C311A0096346F /* AppDelegate.swift in Sources */ = {isa = PBXBuildFile; fileRef = BE682F71288C311A0096346F /* AppDelegate.swift */; };
		BEED2A9828A5BD1A00EE1E5D /* AppError+UI.swift in Sources */ = {isa = PBXBuildFile; fileRef = BEED2A9728A5BD1A00EE1E5D /* AppError+UI.swift */; };
		BEED2A9028A5B3D500EE1E5D /* AppError.swift in Sources */ = {isa = PBXBuildFile; fileRef = BEED2A8F28A5B3D500EE1E5D /* AppError.swift */; };
		BEED2A8C28A5B33500EE1E5D /* AppState.swift in Sources */ = {isa = PBXBuildFile; fileRef = BEED2A8B28A5B33500EE1E5D /* AppState.swift */; };
		BEED2A8E28A5B34300EE1E5D /* AppStore.swift in Sources */ = {isa = PBXBuildFile; fileRef = BEED2A8D28A5B34300EE1E5D /* AppStore.swift */; };
		BE5C9EAE2899F3D000F84DE7 /* Assembly.swift in Sources */ = {isa = PBXBuildFile; fileRef = BE5C9EAD2899F3D000F84DE7 /* Assembly.swift */; };
		BE682F67288C31020096346F /* Assets.xcassets in Resources */ = {isa = PBXBuildFile; fileRef = BE682F66288C31020096346F /* Assets.xcassets */; };
		BEC9507B28F8CDD900809C05 /* AttributedTextView.swift in Sources */ = {isa = PBXBuildFile; fileRef = BEC9507A28F8CDD900809C05 /* AttributedTextView.swift */; };
		BECCCB9228A2002A00BD65BB /* AutoMockable.swift in Sources */ = {isa = PBXBuildFile; fileRef = BECCCB9128A2002A00BD65BB /* AutoMockable.swift */; };
		BE682F95288CBB300096346F /* BagelConfig.swift in Sources */ = {isa = PBXBuildFile; fileRef = BE682F94288CBB300096346F /* BagelConfig.swift */; };
		BE682F87288C99650096346F /* BagelDeviceModel.swift in Sources */ = {isa = PBXBuildFile; fileRef = BE682F86288C99650096346F /* BagelDeviceModel.swift */; };
		BE682F81288C98FD0096346F /* BagelPacket.swift in Sources */ = {isa = PBXBuildFile; fileRef = BE682F80288C98FD0096346F /* BagelPacket.swift */; };
		BE27F8F0288F35E30042F376 /* BagelPacketParser.swift in Sources */ = {isa = PBXBuildFile; fileRef = BE27F8EF288F35E30042F376 /* BagelPacketParser.swift */; };
		BE682F85288C992D0096346F /* BagelProjectModel.swift in Sources */ = {isa = PBXBuildFile; fileRef = BE682F84288C992D0096346F /* BagelProjectModel.swift */; };
		BE682F83288C99160096346F /* BagelRequestInfo.swift in Sources */ = {isa = PBXBuildFile; fileRef = BE682F82288C99160096346F /* BagelRequestInfo.swift */; };
		BEED2A9228A5B45B00EE1E5D /* BaseStore.swift in Sources */ = {isa = PBXBuildFile; fileRef = BEED2A9128A5B45B00EE1E5D /* BaseStore.swift */; };
		BE9001AF28B0FC00000B7C0E /* Biscuit+Hashable.swift in Sources */ = {isa = PBXBuildFile; fileRef = BE9001AE28B0FC00000B7C0E /* Biscuit+Hashable.swift */; };
		BE682F63288C31010096346F /* BiscuitApp.swift in Sources */ = {isa = PBXBuildFile; fileRef = BE682F62288C31010096346F /* BiscuitApp.swift */; };
		BE32D5B128A1C44A00EADEF7 /* BiscuitCore.swift in Sources */ = {isa = PBXBuildFile; fileRef = BE32D5B028A1C44A00EADEF7 /* BiscuitCore.swift */; };
		BEC9507D28F8D17800809C05 /* BiscuitJsonSyntaxHighlightingTheme.swift in Sources */ = {isa = PBXBuildFile; fileRef = BEC9507C28F8D17800809C05 /* BiscuitJsonSyntaxHighlightingTheme.swift */; };
		BECCCB9528A2011B00BD65BB /* BiscuitTests.generated.swift in Sources */ = {isa = PBXBuildFile; fileRef = BECCCB9428A2011B00BD65BB /* BiscuitTests.generated.swift */; };
		BE5443D528E911AB00DD9DCB /* BlurView.swift in Sources */ = {isa = PBXBuildFile; fileRef = BE5443D428E911AB00DD9DCB /* BlurView.swift */; };
		BEAC289428D7A9CB00B1F4B6 /* BuildFilter.swift in Sources */ = {isa = PBXBuildFile; fileRef = BEAC289328D7A9CB00B1F4B6 /* BuildFilter.swift */; };
		BE04CEA028B847FE0057F82A /* Callbacks.swift in Sources */ = {isa = PBXBuildFile; fileRef = BE04CE9F28B847FE0057F82A /* Callbacks.swift */; };
		BE04CE9228B82AB80057F82A /* Client.swift in Sources */ = {isa = PBXBuildFile; fileRef = BE04CE9128B82AB80057F82A /* Client.swift */; };
		BE25442E29187610007904DC /* Collection+Filter.swift in Sources */ = {isa = PBXBuildFile; fileRef = BE25442D29187610007904DC /* Collection+Filter.swift */; };
		BEDF9B8C28DBCE4600D45A79 /* Collection+Utils.swift in Sources */ = {isa = PBXBuildFile; fileRef = BEDF9B8B28DBCE4600D45A79 /* Collection+Utils.swift */; };
		BEEBDD0428FCDAAE001BC0E6 /* Color+Utils.swift in Sources */ = {isa = PBXBuildFile; fileRef = BEEBDD0328FCDAAE001BC0E6 /* Color+Utils.swift */; };
		BEEB0009291FE308000DF1D7 /* Colors.generated.swift in Sources */ = {isa = PBXBuildFile; fileRef = BEEB0005291FE308000DF1D7 /* Colors.generated.swift */; };
		BEEBFFFE291FD946000DF1D7 /* Colors.swift in Sources */ = {isa = PBXBuildFile; fileRef = BEEBFFFD291FD946000DF1D7 /* Colors.swift */; };
		BE93249C292026C800FE4921 /* CommonPicker.swift in Sources */ = {isa = PBXBuildFile; fileRef = BE93249B292026C800FE4921 /* CommonPicker.swift */; };
		BE682F93288CBADF0096346F /* Connector.swift in Sources */ = {isa = PBXBuildFile; fileRef = BE682F92288CBADF0096346F /* Connector.swift */; };
		BE27F8FE288F48C40042F376 /* Data+Utils.swift in Sources */ = {isa = PBXBuildFile; fileRef = BE27F8FD288F48C40042F376 /* Data+Utils.swift */; };
		BE2DEC772913555B00F0C109 /* Debugging.swift in Sources */ = {isa = PBXBuildFile; fileRef = BE2DEC762913555B00F0C109 /* Debugging.swift */; };
		BEEBFFFC291FCAFF000DF1D7 /* DefaultColors.xcassets in Resources */ = {isa = PBXBuildFile; fileRef = BEEBFFFB291FCAFF000DF1D7 /* DefaultColors.xcassets */; };
		BEEB000A291FE308000DF1D7 /* DefaultDarkColors.generated.swift in Sources */ = {isa = PBXBuildFile; fileRef = BEEB0006291FE308000DF1D7 /* DefaultDarkColors.generated.swift */; };
		BEC2C47E28FB638900679083 /* DefaultDarkColors.plist in Resources */ = {isa = PBXBuildFile; fileRef = BEC2C47D28FB638900679083 /* DefaultDarkColors.plist */; };
		BE6F8125289DD99B00D28F49 /* DefaultInitializer.swift in Sources */ = {isa = PBXBuildFile; fileRef = BE6F8124289DD99B00D28F49 /* DefaultInitializer.swift */; };
		BEEB0008291FE308000DF1D7 /* DefaultLightColors.generated.swift in Sources */ = {isa = PBXBuildFile; fileRef = BEEB0004291FE308000DF1D7 /* DefaultLightColors.generated.swift */; };
		BEEBDD0C28FCE651001BC0E6 /* DefaultLightColors.plist in Resources */ = {isa = PBXBuildFile; fileRef = BEEBDD0B28FCE651001BC0E6 /* DefaultLightColors.plist */; };
		BE9001B228B159D7000B7C0E /* DescriptionUtils.swift in Sources */ = {isa = PBXBuildFile; fileRef = BE9001B128B159D7000B7C0E /* DescriptionUtils.swift */; };
		BE9001A328B0F3FA000B7C0E /* Device.swift in Sources */ = {isa = PBXBuildFile; fileRef = BE9001A228B0F3FA000B7C0E /* Device.swift */; };
		BE27F906288F52080042F376 /* DeviceDescriptor.swift in Sources */ = {isa = PBXBuildFile; fileRef = BE27F905288F52080042F376 /* DeviceDescriptor.swift */; };
		BED81E2128F8EE63001E8E50 /* DictionaryMerge.swift in Sources */ = {isa = PBXBuildFile; fileRef = BED81E2028F8EE63001E8E50 /* DictionaryMerge.swift */; };
		BE32D68828A1EDC300EADEF7 /* DispatcherTests.swift in Sources */ = {isa = PBXBuildFile; fileRef = BE32D68728A1EDC300EADEF7 /* DispatcherTests.swift */; };
		BE9AA93328DFCCBC0030F0B3 /* DomainModel+Color.swift in Sources */ = {isa = PBXBuildFile; fileRef = BE9AA93228DFCCBC0030F0B3 /* DomainModel+Color.swift */; };
		BE6CD46E28F2CFB20064C777 /* DummyObjectLibrary.swift in Sources */ = {isa = PBXBuildFile; fileRef = BE6CD46D28F2CFB10064C777 /* DummyObjectLibrary.swift */; };
		BE37C1E1291C5C06007C7DE3 /* ErrorView.swift in Sources */ = {isa = PBXBuildFile; fileRef = BE37C1E0291C5C06007C7DE3 /* ErrorView.swift */; };
		BE37C1E3291C5C15007C7DE3 /* ErrorViewModel.swift in Sources */ = {isa = PBXBuildFile; fileRef = BE37C1E2291C5C15007C7DE3 /* ErrorViewModel.swift */; };
		BE32D64328A1E26300EADEF7 /* Factory in Frameworks */ = {isa = PBXBuildFile; productRef = BE32D64228A1E26300EADEF7 /* Factory */; };
		BE32D5B328A1C62F00EADEF7 /* Factory+Extension.swift in Sources */ = {isa = PBXBuildFile; fileRef = BE32D5B228A1C62F00EADEF7 /* Factory+Extension.swift */; };
		BE682F7A288C96630096346F /* FluxAction.swift in Sources */ = {isa = PBXBuildFile; fileRef = BE682F79288C96630096346F /* FluxAction.swift */; };
		BE682F78288C964F0096346F /* FluxDispatcher.swift in Sources */ = {isa = PBXBuildFile; fileRef = BE682F77288C964F0096346F /* FluxDispatcher.swift */; };
		BE5C9EB5289A025E00F84DE7 /* FluxState.swift in Sources */ = {isa = PBXBuildFile; fileRef = BE5C9EB4289A025E00F84DE7 /* FluxState.swift */; };
		BE682F7C288C96780096346F /* FluxStore.swift in Sources */ = {isa = PBXBuildFile; fileRef = BE682F7B288C96780096346F /* FluxStore.swift */; };
		BED81E1F28F8E7D3001E8E50 /* Fonts.swift in Sources */ = {isa = PBXBuildFile; fileRef = BED81E1E28F8E7D3001E8E50 /* Fonts.swift */; };
		BE04CE9828B834350057F82A /* HeaderView.swift in Sources */ = {isa = PBXBuildFile; fileRef = BE04CE9728B834350057F82A /* HeaderView.swift */; };
		BE25442029185B0A007904DC /* HeaderViewModel.swift in Sources */ = {isa = PBXBuildFile; fileRef = BE25441F29185B0A007904DC /* HeaderViewModel.swift */; };
		BEC9507928F8C42700809C05 /* Highlight in Frameworks */ = {isa = PBXBuildFile; productRef = BEC9507828F8C42700809C05 /* Highlight */; };
		BE2BCED0292C410500E291F3 /* IconName.swift in Sources */ = {isa = PBXBuildFile; fileRef = BE2BCECF292C410500E291F3 /* IconName.swift */; };
		BE9001A928B0F999000B7C0E /* IncomingPacket.swift in Sources */ = {isa = PBXBuildFile; fileRef = BE9001A828B0F999000B7C0E /* IncomingPacket.swift */; };
		BEF6A00028DFB44A00B3ECBB /* InvalidPacket.swift in Sources */ = {isa = PBXBuildFile; fileRef = BEF69FFF28DFB44A00B3ECBB /* InvalidPacket.swift */; };
		BEEB0007291FE308000DF1D7 /* Localizable.generated.swift in Sources */ = {isa = PBXBuildFile; fileRef = BEEB0003291FE308000DF1D7 /* Localizable.generated.swift */; };
		BE432EF32904E74D004E4CCB /* Localizable.strings in Resources */ = {isa = PBXBuildFile; fileRef = BE432EF12904E74C004E4CCB /* Localizable.strings */; };
		BE9001BC28B2F87D000B7C0E /* LogView.swift in Sources */ = {isa = PBXBuildFile; fileRef = BE9001BB28B2F87D000B7C0E /* LogView.swift */; };
		BE25441E29185495007904DC /* LogViewModel.swift in Sources */ = {isa = PBXBuildFile; fileRef = BE25441D29185495007904DC /* LogViewModel.swift */; };
		BE6F811F289DD68B00D28F49 /* MainDispatcher.swift in Sources */ = {isa = PBXBuildFile; fileRef = BE6F811E289DD68B00D28F49 /* MainDispatcher.swift */; };
		BE682F65288C31010096346F /* MainWindow.swift in Sources */ = {isa = PBXBuildFile; fileRef = BE682F64288C31010096346F /* MainWindow.swift */; };
		BE5B09E129206E1800037002 /* MainWindowViewModel.swift in Sources */ = {isa = PBXBuildFile; fileRef = BE5B09E029206E1800037002 /* MainWindowViewModel.swift */; };
		BEC80076290561AC0088AC06 /* MenuController.swift in Sources */ = {isa = PBXBuildFile; fileRef = BEC80075290561AC0088AC06 /* MenuController.swift */; };
		BE37C1E6291C5C47007C7DE3 /* MockErrorViewModel.swift in Sources */ = {isa = PBXBuildFile; fileRef = BE37C1E5291C5C47007C7DE3 /* MockErrorViewModel.swift */; };
		BE1EE57929149C2600092532 /* MockHeaderViewModel.swift in Sources */ = {isa = PBXBuildFile; fileRef = BE1EE57829149C2600092532 /* MockHeaderViewModel.swift */; };
		BE1EE57629149C1D00092532 /* MockLogViewModel.swift in Sources */ = {isa = PBXBuildFile; fileRef = BE1EE57529149C1D00092532 /* MockLogViewModel.swift */; };
		BE9962212918A33600223475 /* MockOverviewViewModel.swift in Sources */ = {isa = PBXBuildFile; fileRef = BE9962202918A33600223475 /* MockOverviewViewModel.swift */; };
		BE25441C29185458007904DC /* MockPacketViewModel.swift in Sources */ = {isa = PBXBuildFile; fileRef = BE25441B29185458007904DC /* MockPacketViewModel.swift */; };
		BEE3B29A291C759B00927AAD /* MockToastMessageViewModel.swift in Sources */ = {isa = PBXBuildFile; fileRef = BEE3B299291C759B00927AAD /* MockToastMessageViewModel.swift */; };
		BE32D68628A1E8D900EADEF7 /* MyTests.swift in Sources */ = {isa = PBXBuildFile; fileRef = BE32D68528A1E8D900EADEF7 /* MyTests.swift */; };
		BED81E1D28F8DE75001E8E50 /* NSAttributedString+Join.swift in Sources */ = {isa = PBXBuildFile; fileRef = BED81E1C28F8DE75001E8E50 /* NSAttributedString+Join.swift */; };
		BE682F97288CC15C0096346F /* NetworkConnection.swift in Sources */ = {isa = PBXBuildFile; fileRef = BE682F96288CC15C0096346F /* NetworkConnection.swift */; };
		BE59915828CD1780008BA5CF /* Nosy.swift in Sources */ = {isa = PBXBuildFile; fileRef = BE59915728CD1780008BA5CF /* Nosy.swift */; };
		BE2DEC732913320600F0C109 /* OnAppearOnce.swift in Sources */ = {isa = PBXBuildFile; fileRef = BE2DEC722913320600F0C109 /* OnAppearOnce.swift */; };
		BE5443D328E9097C00DD9DCB /* Overview.swift in Sources */ = {isa = PBXBuildFile; fileRef = BE5443D228E9097C00DD9DCB /* Overview.swift */; };
		BE99621E2918A16F00223475 /* OverviewViewModel.swift in Sources */ = {isa = PBXBuildFile; fileRef = BE99621D2918A16F00223475 /* OverviewViewModel.swift */; };
		BEC9507628F764AD00809C05 /* Packet+Display.swift in Sources */ = {isa = PBXBuildFile; fileRef = BEC9507528F764AD00809C05 /* Packet+Display.swift */; };
		BE90019D28B0F29C000B7C0E /* Packet.swift in Sources */ = {isa = PBXBuildFile; fileRef = BE90019C28B0F29C000B7C0E /* Packet.swift */; };
		BE90019328B0F242000B7C0E /* PacketActions.swift in Sources */ = {isa = PBXBuildFile; fileRef = BE90019228B0F242000B7C0E /* PacketActions.swift */; };
		BE25442429186D9C007904DC /* PacketFilter.swift in Sources */ = {isa = PBXBuildFile; fileRef = BE25442329186D9C007904DC /* PacketFilter.swift */; };
		BE9001AB28B0F9F7000B7C0E /* PacketParser.swift in Sources */ = {isa = PBXBuildFile; fileRef = BE9001AA28B0F9F7000B7C0E /* PacketParser.swift */; };
		BE90019528B0F24A000B7C0E /* PacketState.swift in Sources */ = {isa = PBXBuildFile; fileRef = BE90019428B0F24A000B7C0E /* PacketState.swift */; };
		BE90019728B0F257000B7C0E /* PacketStore.swift in Sources */ = {isa = PBXBuildFile; fileRef = BE90019628B0F257000B7C0E /* PacketStore.swift */; };
		BEE7190A28BC172C000F147B /* PacketTableRow.swift in Sources */ = {isa = PBXBuildFile; fileRef = BEE7190928BC172C000F147B /* PacketTableRow.swift */; };
		BEF65AC728E3B0D4001543F6 /* PacketView.swift in Sources */ = {isa = PBXBuildFile; fileRef = BEF65AC628E3B0D4001543F6 /* PacketView.swift */; };
		BE2544132917E62B007904DC /* PacketViewModel.swift in Sources */ = {isa = PBXBuildFile; fileRef = BE2544122917E62A007904DC /* PacketViewModel.swift */; };
		BE5B09E62921C46600037002 /* PostMessageTask.swift in Sources */ = {isa = PBXBuildFile; fileRef = BE5B09E42921C46600037002 /* PostMessageTask.swift */; };
		BE5B09E72921C46600037002 /* PostMessageTaskInterface.swift in Sources */ = {isa = PBXBuildFile; fileRef = BE5B09E52921C46600037002 /* PostMessageTaskInterface.swift */; };
		BEEB000C291FF044000DF1D7 /* PreviewProvider+Utils.swift in Sources */ = {isa = PBXBuildFile; fileRef = BEEB000B291FF044000DF1D7 /* PreviewProvider+Utils.swift */; };
		BE9001A128B0F38B000B7C0E /* Project.swift in Sources */ = {isa = PBXBuildFile; fileRef = BE9001A028B0F38B000B7C0E /* Project.swift */; };
		BEC25AED2899DE890083E5B5 /* ProjectDescriptor.swift in Sources */ = {isa = PBXBuildFile; fileRef = BEC25AEC2899DE890083E5B5 /* ProjectDescriptor.swift */; };
		BE27F908288F54290042F376 /* Request.swift in Sources */ = {isa = PBXBuildFile; fileRef = BE27F907288F54290042F376 /* Request.swift */; };
		BE27F904288F4C140042F376 /* RequestMethod.swift in Sources */ = {isa = PBXBuildFile; fileRef = BE27F903288F4C140042F376 /* RequestMethod.swift */; };
		BE5443CE28E908CC00DD9DCB /* RequestView.swift in Sources */ = {isa = PBXBuildFile; fileRef = BE5443CD28E908CC00DD9DCB /* RequestView.swift */; };
		BE27F90A288F54300042F376 /* Response.swift in Sources */ = {isa = PBXBuildFile; fileRef = BE27F909288F54300042F376 /* Response.swift */; };
		BE5443D028E908D600DD9DCB /* ResponseView.swift in Sources */ = {isa = PBXBuildFile; fileRef = BE5443CF28E908D600DD9DCB /* ResponseView.swift */; };
		BEC80074290560390088AC06 /* SavePanel.swift in Sources */ = {isa = PBXBuildFile; fileRef = BEC80073290560390088AC06 /* SavePanel.swift */; };
		BE6CD46C28F227960064C777 /* SmallActionButton.swift in Sources */ = {isa = PBXBuildFile; fileRef = BE6CD46B28F227960064C777 /* SmallActionButton.swift */; };
		BE44C44C28C40BFB00791897 /* StandardPicker.swift in Sources */ = {isa = PBXBuildFile; fileRef = BE44C44B28C40BFB00791897 /* StandardPicker.swift */; };
		BE88A63128DFD39800406E79 /* StatusCode.swift in Sources */ = {isa = PBXBuildFile; fileRef = BE88A63028DFD39800406E79 /* StatusCode.swift */; };
		BE27F8F3288F367B0042F376 /* String+Utils.swift in Sources */ = {isa = PBXBuildFile; fileRef = BE27F8F2288F367B0042F376 /* String+Utils.swift */; };
		BEC2C47A28FB5AA700679083 /* Style.swift in Sources */ = {isa = PBXBuildFile; fileRef = BEC2C47928FB5AA700679083 /* Style.swift */; };
		BECCCB9828A2024A00BD65BB /* SwiftyMocky in Frameworks */ = {isa = PBXBuildFile; productRef = BECCCB9728A2024A00BD65BB /* SwiftyMocky */; };
		BEE3B295291C738600927AAD /* ToastContainerView.swift in Sources */ = {isa = PBXBuildFile; fileRef = BEE3B294291C738600927AAD /* ToastContainerView.swift */; };
		BEE3B297291C74E300927AAD /* ToastContainerViewModel.swift in Sources */ = {isa = PBXBuildFile; fileRef = BEE3B296291C74E300927AAD /* ToastContainerViewModel.swift */; };
		BEF7BD8B28A847B8002E825A /* UserColors.swift in Sources */ = {isa = PBXBuildFile; fileRef = BEF7BD8A28A847B8002E825A /* UserColors.swift */; };
		BE9B216929330FC100D1BCDD /* ZIPFoundation in Frameworks */ = {isa = PBXBuildFile; productRef = BE9B216829330FC100D1BCDD /* ZIPFoundation */; };
/* End PBXBuildFile section */

/* Begin PBXContainerItemProxy section */
		BE32D68328A1E6E300EADEF7 /* PBXContainerItemProxy */ = {
			isa = PBXContainerItemProxy;
			containerPortal = BE682F57288C31010096346F /* Project object */;
			proxyType = 1;
			remoteGlobalIDString = BE682F5E288C31010096346F;
			remoteInfo = Biscuit;
		};
/* End PBXContainerItemProxy section */

/* Begin PBXFileReference section */
		BEED2A8928A5B32D00EE1E5D /* AppActions.swift */ = {isa = PBXFileReference; lastKnownFileType = sourcecode.swift; path = AppActions.swift; sourceTree = "<group>"; };
		BE682F71288C311A0096346F /* AppDelegate.swift */ = {isa = PBXFileReference; lastKnownFileType = sourcecode.swift; path = AppDelegate.swift; sourceTree = "<group>"; };
		BEED2A9728A5BD1A00EE1E5D /* AppError+UI.swift */ = {isa = PBXFileReference; lastKnownFileType = sourcecode.swift; path = "AppError+UI.swift"; sourceTree = "<group>"; };
		BEED2A8F28A5B3D500EE1E5D /* AppError.swift */ = {isa = PBXFileReference; lastKnownFileType = sourcecode.swift; path = AppError.swift; sourceTree = "<group>"; };
		BEED2A8B28A5B33500EE1E5D /* AppState.swift */ = {isa = PBXFileReference; lastKnownFileType = sourcecode.swift; path = AppState.swift; sourceTree = "<group>"; };
		BEED2A8D28A5B34300EE1E5D /* AppStore.swift */ = {isa = PBXFileReference; lastKnownFileType = sourcecode.swift; path = AppStore.swift; sourceTree = "<group>"; };
		BE5C9EAD2899F3D000F84DE7 /* Assembly.swift */ = {isa = PBXFileReference; lastKnownFileType = sourcecode.swift; path = Assembly.swift; sourceTree = "<group>"; };
		BE682F66288C31020096346F /* Assets.xcassets */ = {isa = PBXFileReference; lastKnownFileType = folder.assetcatalog; path = Assets.xcassets; sourceTree = "<group>"; };
		BEC9507A28F8CDD900809C05 /* AttributedTextView.swift */ = {isa = PBXFileReference; lastKnownFileType = sourcecode.swift; path = AttributedTextView.swift; sourceTree = "<group>"; };
		BECCCB9128A2002A00BD65BB /* AutoMockable.swift */ = {isa = PBXFileReference; lastKnownFileType = sourcecode.swift; path = AutoMockable.swift; sourceTree = "<group>"; };
		BE682F94288CBB300096346F /* BagelConfig.swift */ = {isa = PBXFileReference; lastKnownFileType = sourcecode.swift; path = BagelConfig.swift; sourceTree = "<group>"; };
		BE682F86288C99650096346F /* BagelDeviceModel.swift */ = {isa = PBXFileReference; lastKnownFileType = sourcecode.swift; path = BagelDeviceModel.swift; sourceTree = "<group>"; };
		BE682F80288C98FD0096346F /* BagelPacket.swift */ = {isa = PBXFileReference; lastKnownFileType = sourcecode.swift; path = BagelPacket.swift; sourceTree = "<group>"; };
		BE27F8EF288F35E30042F376 /* BagelPacketParser.swift */ = {isa = PBXFileReference; lastKnownFileType = sourcecode.swift; path = BagelPacketParser.swift; sourceTree = "<group>"; };
		BE682F84288C992D0096346F /* BagelProjectModel.swift */ = {isa = PBXFileReference; lastKnownFileType = sourcecode.swift; path = BagelProjectModel.swift; sourceTree = "<group>"; };
		BE682F82288C99160096346F /* BagelRequestInfo.swift */ = {isa = PBXFileReference; lastKnownFileType = sourcecode.swift; path = BagelRequestInfo.swift; sourceTree = "<group>"; };
		BEED2A9128A5B45B00EE1E5D /* BaseStore.swift */ = {isa = PBXFileReference; lastKnownFileType = sourcecode.swift; path = BaseStore.swift; sourceTree = "<group>"; };
		BE9001AE28B0FC00000B7C0E /* Biscuit+Hashable.swift */ = {isa = PBXFileReference; lastKnownFileType = sourcecode.swift; path = "Biscuit+Hashable.swift"; sourceTree = "<group>"; };
		BE682F5F288C31010096346F /* Biscuit.app */ = {isa = PBXFileReference; explicitFileType = wrapper.application; includeInIndex = 0; path = Biscuit.app; sourceTree = BUILT_PRODUCTS_DIR; };
		BE682F6B288C31020096346F /* Biscuit.entitlements */ = {isa = PBXFileReference; lastKnownFileType = text.plist.entitlements; path = Biscuit.entitlements; sourceTree = "<group>"; };
		BE682F62288C31010096346F /* BiscuitApp.swift */ = {isa = PBXFileReference; lastKnownFileType = sourcecode.swift; path = BiscuitApp.swift; sourceTree = "<group>"; };
		BE32D5B028A1C44A00EADEF7 /* BiscuitCore.swift */ = {isa = PBXFileReference; lastKnownFileType = sourcecode.swift; path = BiscuitCore.swift; sourceTree = "<group>"; };
		BEC9507C28F8D17800809C05 /* BiscuitJsonSyntaxHighlightingTheme.swift */ = {isa = PBXFileReference; lastKnownFileType = sourcecode.swift; path = BiscuitJsonSyntaxHighlightingTheme.swift; sourceTree = "<group>"; };
		BECCCB9428A2011B00BD65BB /* BiscuitTests.generated.swift */ = {isa = PBXFileReference; fileEncoding = 4; lastKnownFileType = sourcecode.swift; path = BiscuitTests.generated.swift; sourceTree = "<group>"; };
		BE32D63328A1E0E500EADEF7 /* BiscuitTests.xctest */ = {isa = PBXFileReference; explicitFileType = wrapper.cfbundle; includeInIndex = 0; path = BiscuitTests.xctest; sourceTree = BUILT_PRODUCTS_DIR; };
		BE5443D428E911AB00DD9DCB /* BlurView.swift */ = {isa = PBXFileReference; lastKnownFileType = sourcecode.swift; path = BlurView.swift; sourceTree = "<group>"; };
		BEAC289328D7A9CB00B1F4B6 /* BuildFilter.swift */ = {isa = PBXFileReference; lastKnownFileType = sourcecode.swift; path = BuildFilter.swift; sourceTree = "<group>"; };
		BE04CE9F28B847FE0057F82A /* Callbacks.swift */ = {isa = PBXFileReference; lastKnownFileType = sourcecode.swift; path = Callbacks.swift; sourceTree = "<group>"; };
		BE04CE9128B82AB80057F82A /* Client.swift */ = {isa = PBXFileReference; lastKnownFileType = sourcecode.swift; path = Client.swift; sourceTree = "<group>"; };
		BE25442D29187610007904DC /* Collection+Filter.swift */ = {isa = PBXFileReference; lastKnownFileType = sourcecode.swift; path = "Collection+Filter.swift"; sourceTree = "<group>"; };
		BEDF9B8B28DBCE4600D45A79 /* Collection+Utils.swift */ = {isa = PBXFileReference; lastKnownFileType = sourcecode.swift; path = "Collection+Utils.swift"; sourceTree = "<group>"; };
		BEEBDD0328FCDAAE001BC0E6 /* Color+Utils.swift */ = {isa = PBXFileReference; lastKnownFileType = sourcecode.swift; path = "Color+Utils.swift"; sourceTree = "<group>"; };
		BEEB0005291FE308000DF1D7 /* Colors.generated.swift */ = {isa = PBXFileReference; fileEncoding = 4; lastKnownFileType = sourcecode.swift; path = Colors.generated.swift; sourceTree = "<group>"; };
		BEEBFFFD291FD946000DF1D7 /* Colors.swift */ = {isa = PBXFileReference; lastKnownFileType = sourcecode.swift; path = Colors.swift; sourceTree = "<group>"; };
		BE93249B292026C800FE4921 /* CommonPicker.swift */ = {isa = PBXFileReference; lastKnownFileType = sourcecode.swift; path = CommonPicker.swift; sourceTree = "<group>"; };
		BE682F92288CBADF0096346F /* Connector.swift */ = {isa = PBXFileReference; lastKnownFileType = sourcecode.swift; path = Connector.swift; sourceTree = "<group>"; };
		BE27F8FD288F48C40042F376 /* Data+Utils.swift */ = {isa = PBXFileReference; lastKnownFileType = sourcecode.swift; path = "Data+Utils.swift"; sourceTree = "<group>"; };
		BE2DEC762913555B00F0C109 /* Debugging.swift */ = {isa = PBXFileReference; lastKnownFileType = sourcecode.swift; path = Debugging.swift; sourceTree = "<group>"; };
		BEEBFFFB291FCAFF000DF1D7 /* DefaultColors.xcassets */ = {isa = PBXFileReference; lastKnownFileType = folder.assetcatalog; path = DefaultColors.xcassets; sourceTree = "<group>"; };
		BEEB0006291FE308000DF1D7 /* DefaultDarkColors.generated.swift */ = {isa = PBXFileReference; fileEncoding = 4; lastKnownFileType = sourcecode.swift; path = DefaultDarkColors.generated.swift; sourceTree = "<group>"; };
		BEC2C47D28FB638900679083 /* DefaultDarkColors.plist */ = {isa = PBXFileReference; lastKnownFileType = text.plist.xml; path = DefaultDarkColors.plist; sourceTree = "<group>"; };
		BE6F8124289DD99B00D28F49 /* DefaultInitializer.swift */ = {isa = PBXFileReference; lastKnownFileType = sourcecode.swift; path = DefaultInitializer.swift; sourceTree = "<group>"; };
		BEEB0004291FE308000DF1D7 /* DefaultLightColors.generated.swift */ = {isa = PBXFileReference; fileEncoding = 4; lastKnownFileType = sourcecode.swift; path = DefaultLightColors.generated.swift; sourceTree = "<group>"; };
		BEEBDD0B28FCE651001BC0E6 /* DefaultLightColors.plist */ = {isa = PBXFileReference; fileEncoding = 4; lastKnownFileType = text.plist.xml; path = DefaultLightColors.plist; sourceTree = "<group>"; };
		BE9001B128B159D7000B7C0E /* DescriptionUtils.swift */ = {isa = PBXFileReference; lastKnownFileType = sourcecode.swift; path = DescriptionUtils.swift; sourceTree = "<group>"; };
		BE9001A228B0F3FA000B7C0E /* Device.swift */ = {isa = PBXFileReference; lastKnownFileType = sourcecode.swift; path = Device.swift; sourceTree = "<group>"; };
		BE27F905288F52080042F376 /* DeviceDescriptor.swift */ = {isa = PBXFileReference; lastKnownFileType = sourcecode.swift; path = DeviceDescriptor.swift; sourceTree = "<group>"; };
		BED81E2028F8EE63001E8E50 /* DictionaryMerge.swift */ = {isa = PBXFileReference; lastKnownFileType = sourcecode.swift; path = DictionaryMerge.swift; sourceTree = "<group>"; };
		BE32D68728A1EDC300EADEF7 /* DispatcherTests.swift */ = {isa = PBXFileReference; lastKnownFileType = sourcecode.swift; path = DispatcherTests.swift; sourceTree = "<group>"; };
		BE9AA93228DFCCBC0030F0B3 /* DomainModel+Color.swift */ = {isa = PBXFileReference; lastKnownFileType = sourcecode.swift; path = "DomainModel+Color.swift"; sourceTree = "<group>"; };
		BE6CD46D28F2CFB10064C777 /* DummyObjectLibrary.swift */ = {isa = PBXFileReference; lastKnownFileType = sourcecode.swift; path = DummyObjectLibrary.swift; sourceTree = "<group>"; };
		BE37C1E0291C5C06007C7DE3 /* ErrorView.swift */ = {isa = PBXFileReference; lastKnownFileType = sourcecode.swift; path = ErrorView.swift; sourceTree = "<group>"; };
		BE37C1E2291C5C15007C7DE3 /* ErrorViewModel.swift */ = {isa = PBXFileReference; lastKnownFileType = sourcecode.swift; path = ErrorViewModel.swift; sourceTree = "<group>"; };
		BE32D5B228A1C62F00EADEF7 /* Factory+Extension.swift */ = {isa = PBXFileReference; lastKnownFileType = sourcecode.swift; path = "Factory+Extension.swift"; sourceTree = "<group>"; };
		BE682F79288C96630096346F /* FluxAction.swift */ = {isa = PBXFileReference; lastKnownFileType = sourcecode.swift; path = FluxAction.swift; sourceTree = "<group>"; };
		BE682F77288C964F0096346F /* FluxDispatcher.swift */ = {isa = PBXFileReference; lastKnownFileType = sourcecode.swift; path = FluxDispatcher.swift; sourceTree = "<group>"; };
		BE5C9EB4289A025E00F84DE7 /* FluxState.swift */ = {isa = PBXFileReference; lastKnownFileType = sourcecode.swift; path = FluxState.swift; sourceTree = "<group>"; };
		BE682F7B288C96780096346F /* FluxStore.swift */ = {isa = PBXFileReference; lastKnownFileType = sourcecode.swift; path = FluxStore.swift; sourceTree = "<group>"; };
		BED81E1E28F8E7D3001E8E50 /* Fonts.swift */ = {isa = PBXFileReference; lastKnownFileType = sourcecode.swift; path = Fonts.swift; sourceTree = "<group>"; };
		BE04CE9728B834350057F82A /* HeaderView.swift */ = {isa = PBXFileReference; lastKnownFileType = sourcecode.swift; path = HeaderView.swift; sourceTree = "<group>"; };
		BE25441F29185B0A007904DC /* HeaderViewModel.swift */ = {isa = PBXFileReference; lastKnownFileType = sourcecode.swift; path = HeaderViewModel.swift; sourceTree = "<group>"; };
		BE2BCECF292C410500E291F3 /* IconName.swift */ = {isa = PBXFileReference; lastKnownFileType = sourcecode.swift; path = IconName.swift; sourceTree = "<group>"; };
		BE9001A828B0F999000B7C0E /* IncomingPacket.swift */ = {isa = PBXFileReference; lastKnownFileType = sourcecode.swift; path = IncomingPacket.swift; sourceTree = "<group>"; };
		BEF69FFF28DFB44A00B3ECBB /* InvalidPacket.swift */ = {isa = PBXFileReference; lastKnownFileType = sourcecode.swift; path = InvalidPacket.swift; sourceTree = "<group>"; };
		BEEB0003291FE308000DF1D7 /* Localizable.generated.swift */ = {isa = PBXFileReference; fileEncoding = 4; lastKnownFileType = sourcecode.swift; path = Localizable.generated.swift; sourceTree = "<group>"; };
		BE9001BB28B2F87D000B7C0E /* LogView.swift */ = {isa = PBXFileReference; lastKnownFileType = sourcecode.swift; path = LogView.swift; sourceTree = "<group>"; };
		BE25441D29185495007904DC /* LogViewModel.swift */ = {isa = PBXFileReference; lastKnownFileType = sourcecode.swift; path = LogViewModel.swift; sourceTree = "<group>"; };
		BE6F811E289DD68B00D28F49 /* MainDispatcher.swift */ = {isa = PBXFileReference; lastKnownFileType = sourcecode.swift; path = MainDispatcher.swift; sourceTree = "<group>"; };
		BE682F64288C31010096346F /* MainWindow.swift */ = {isa = PBXFileReference; lastKnownFileType = sourcecode.swift; path = MainWindow.swift; sourceTree = "<group>"; };
		BE5B09E029206E1800037002 /* MainWindowViewModel.swift */ = {isa = PBXFileReference; lastKnownFileType = sourcecode.swift; path = MainWindowViewModel.swift; sourceTree = "<group>"; };
		BEC80075290561AC0088AC06 /* MenuController.swift */ = {isa = PBXFileReference; lastKnownFileType = sourcecode.swift; path = MenuController.swift; sourceTree = "<group>"; };
		BE37C1E5291C5C47007C7DE3 /* MockErrorViewModel.swift */ = {isa = PBXFileReference; lastKnownFileType = sourcecode.swift; path = MockErrorViewModel.swift; sourceTree = "<group>"; };
		BE1EE57829149C2600092532 /* MockHeaderViewModel.swift */ = {isa = PBXFileReference; fileEncoding = 4; lastKnownFileType = sourcecode.swift; path = MockHeaderViewModel.swift; sourceTree = "<group>"; };
		BE1EE57529149C1D00092532 /* MockLogViewModel.swift */ = {isa = PBXFileReference; fileEncoding = 4; lastKnownFileType = sourcecode.swift; path = MockLogViewModel.swift; sourceTree = "<group>"; };
		BE9962202918A33600223475 /* MockOverviewViewModel.swift */ = {isa = PBXFileReference; lastKnownFileType = sourcecode.swift; path = MockOverviewViewModel.swift; sourceTree = "<group>"; };
		BE25441B29185458007904DC /* MockPacketViewModel.swift */ = {isa = PBXFileReference; lastKnownFileType = sourcecode.swift; path = MockPacketViewModel.swift; sourceTree = "<group>"; };
		BEE3B299291C759B00927AAD /* MockToastMessageViewModel.swift */ = {isa = PBXFileReference; lastKnownFileType = sourcecode.swift; path = MockToastMessageViewModel.swift; sourceTree = "<group>"; };
		BE32D68528A1E8D900EADEF7 /* MyTests.swift */ = {isa = PBXFileReference; lastKnownFileType = sourcecode.swift; path = MyTests.swift; sourceTree = "<group>"; };
		BED81E1C28F8DE75001E8E50 /* NSAttributedString+Join.swift */ = {isa = PBXFileReference; lastKnownFileType = sourcecode.swift; path = "NSAttributedString+Join.swift"; sourceTree = "<group>"; };
		BE682F96288CC15C0096346F /* NetworkConnection.swift */ = {isa = PBXFileReference; lastKnownFileType = sourcecode.swift; path = NetworkConnection.swift; sourceTree = "<group>"; };
		BE59915728CD1780008BA5CF /* Nosy.swift */ = {isa = PBXFileReference; lastKnownFileType = sourcecode.swift; path = Nosy.swift; sourceTree = "<group>"; };
		BE2DEC722913320600F0C109 /* OnAppearOnce.swift */ = {isa = PBXFileReference; lastKnownFileType = sourcecode.swift; path = OnAppearOnce.swift; sourceTree = "<group>"; };
		BE5443D228E9097C00DD9DCB /* Overview.swift */ = {isa = PBXFileReference; lastKnownFileType = sourcecode.swift; path = Overview.swift; sourceTree = "<group>"; };
		BE99621D2918A16F00223475 /* OverviewViewModel.swift */ = {isa = PBXFileReference; lastKnownFileType = sourcecode.swift; path = OverviewViewModel.swift; sourceTree = "<group>"; };
		BEC9507528F764AD00809C05 /* Packet+Display.swift */ = {isa = PBXFileReference; lastKnownFileType = sourcecode.swift; path = "Packet+Display.swift"; sourceTree = "<group>"; };
		BE90019C28B0F29C000B7C0E /* Packet.swift */ = {isa = PBXFileReference; lastKnownFileType = sourcecode.swift; path = Packet.swift; sourceTree = "<group>"; };
		BE90019228B0F242000B7C0E /* PacketActions.swift */ = {isa = PBXFileReference; lastKnownFileType = sourcecode.swift; path = PacketActions.swift; sourceTree = "<group>"; };
		BE25442329186D9C007904DC /* PacketFilter.swift */ = {isa = PBXFileReference; lastKnownFileType = sourcecode.swift; path = PacketFilter.swift; sourceTree = "<group>"; };
		BE9001AA28B0F9F7000B7C0E /* PacketParser.swift */ = {isa = PBXFileReference; lastKnownFileType = sourcecode.swift; path = PacketParser.swift; sourceTree = "<group>"; };
		BE90019428B0F24A000B7C0E /* PacketState.swift */ = {isa = PBXFileReference; lastKnownFileType = sourcecode.swift; path = PacketState.swift; sourceTree = "<group>"; };
		BE90019628B0F257000B7C0E /* PacketStore.swift */ = {isa = PBXFileReference; lastKnownFileType = sourcecode.swift; path = PacketStore.swift; sourceTree = "<group>"; };
		BEE7190928BC172C000F147B /* PacketTableRow.swift */ = {isa = PBXFileReference; lastKnownFileType = sourcecode.swift; path = PacketTableRow.swift; sourceTree = "<group>"; };
		BEF65AC628E3B0D4001543F6 /* PacketView.swift */ = {isa = PBXFileReference; lastKnownFileType = sourcecode.swift; path = PacketView.swift; sourceTree = "<group>"; };
		BE2544122917E62A007904DC /* PacketViewModel.swift */ = {isa = PBXFileReference; lastKnownFileType = sourcecode.swift; path = PacketViewModel.swift; sourceTree = "<group>"; };
		BE5B09E42921C46600037002 /* PostMessageTask.swift */ = {isa = PBXFileReference; fileEncoding = 4; lastKnownFileType = sourcecode.swift; path = PostMessageTask.swift; sourceTree = "<group>"; };
		BE5B09E52921C46600037002 /* PostMessageTaskInterface.swift */ = {isa = PBXFileReference; fileEncoding = 4; lastKnownFileType = sourcecode.swift; path = PostMessageTaskInterface.swift; sourceTree = "<group>"; };
		BEEB000B291FF044000DF1D7 /* PreviewProvider+Utils.swift */ = {isa = PBXFileReference; lastKnownFileType = sourcecode.swift; path = "PreviewProvider+Utils.swift"; sourceTree = "<group>"; };
		BE9001A028B0F38B000B7C0E /* Project.swift */ = {isa = PBXFileReference; lastKnownFileType = sourcecode.swift; path = Project.swift; sourceTree = "<group>"; };
		BEC25AEC2899DE890083E5B5 /* ProjectDescriptor.swift */ = {isa = PBXFileReference; lastKnownFileType = sourcecode.swift; path = ProjectDescriptor.swift; sourceTree = "<group>"; };
		BE27F907288F54290042F376 /* Request.swift */ = {isa = PBXFileReference; lastKnownFileType = sourcecode.swift; path = Request.swift; sourceTree = "<group>"; };
		BE27F903288F4C140042F376 /* RequestMethod.swift */ = {isa = PBXFileReference; lastKnownFileType = sourcecode.swift; path = RequestMethod.swift; sourceTree = "<group>"; };
		BE5443CD28E908CC00DD9DCB /* RequestView.swift */ = {isa = PBXFileReference; lastKnownFileType = sourcecode.swift; path = RequestView.swift; sourceTree = "<group>"; };
		BE27F909288F54300042F376 /* Response.swift */ = {isa = PBXFileReference; lastKnownFileType = sourcecode.swift; path = Response.swift; sourceTree = "<group>"; };
		BE5443CF28E908D600DD9DCB /* ResponseView.swift */ = {isa = PBXFileReference; lastKnownFileType = sourcecode.swift; path = ResponseView.swift; sourceTree = "<group>"; };
		BEC80073290560390088AC06 /* SavePanel.swift */ = {isa = PBXFileReference; lastKnownFileType = sourcecode.swift; path = SavePanel.swift; sourceTree = "<group>"; };
		BE6CD46B28F227960064C777 /* SmallActionButton.swift */ = {isa = PBXFileReference; lastKnownFileType = sourcecode.swift; path = SmallActionButton.swift; sourceTree = "<group>"; };
		BE44C44B28C40BFB00791897 /* StandardPicker.swift */ = {isa = PBXFileReference; lastKnownFileType = sourcecode.swift; path = StandardPicker.swift; sourceTree = "<group>"; };
		BE88A63028DFD39800406E79 /* StatusCode.swift */ = {isa = PBXFileReference; lastKnownFileType = sourcecode.swift; path = StatusCode.swift; sourceTree = "<group>"; };
		BE27F8F2288F367B0042F376 /* String+Utils.swift */ = {isa = PBXFileReference; lastKnownFileType = sourcecode.swift; path = "String+Utils.swift"; sourceTree = "<group>"; };
		BEC2C47928FB5AA700679083 /* Style.swift */ = {isa = PBXFileReference; lastKnownFileType = sourcecode.swift; path = Style.swift; sourceTree = "<group>"; };
		BEE3B294291C738600927AAD /* ToastContainerView.swift */ = {isa = PBXFileReference; lastKnownFileType = sourcecode.swift; path = ToastContainerView.swift; sourceTree = "<group>"; };
		BEE3B296291C74E300927AAD /* ToastContainerViewModel.swift */ = {isa = PBXFileReference; lastKnownFileType = sourcecode.swift; path = ToastContainerViewModel.swift; sourceTree = "<group>"; };
		BEF7BD8A28A847B8002E825A /* UserColors.swift */ = {isa = PBXFileReference; lastKnownFileType = sourcecode.swift; path = UserColors.swift; sourceTree = "<group>"; };
		BE432EF22904E74C004E4CCB /* en */ = {isa = PBXFileReference; lastKnownFileType = text.plist.strings; name = en; path = en.lproj/Localizable.strings; sourceTree = "<group>"; };
/* End PBXFileReference section */

/* Begin PBXFrameworksBuildPhase section */
		BE32D63028A1E0E500EADEF7 /* Frameworks */ = {
			isa = PBXFrameworksBuildPhase;
			buildActionMask = 2147483647;
			files = (
				BECCCB9828A2024A00BD65BB /* SwiftyMocky in Frameworks */,
			);
			runOnlyForDeploymentPostprocessing = 0;
		};
		BE682F5C288C31010096346F /* Frameworks */ = {
			isa = PBXFrameworksBuildPhase;
			buildActionMask = 2147483647;
			files = (
				BE32D64328A1E26300EADEF7 /* Factory in Frameworks */,
				BEC9507928F8C42700809C05 /* Highlight in Frameworks */,
				BE9B216929330FC100D1BCDD /* ZIPFoundation in Frameworks */,
			);
			runOnlyForDeploymentPostprocessing = 0;
		};
/* End PBXFrameworksBuildPhase section */

/* Begin PBXGroup section */
		BE1EE57429149C1D00092532 /* Mock */ = {
			isa = PBXGroup;
			children = (
				BE1EE57529149C1D00092532 /* MockLogViewModel.swift */,
			);
			path = Mock;
			sourceTree = "<group>";
		};
		BE1EE57729149C2600092532 /* Mock */ = {
			isa = PBXGroup;
			children = (
				BE1EE57829149C2600092532 /* MockHeaderViewModel.swift */,
			);
			path = Mock;
			sourceTree = "<group>";
		};
		BE25441A29185444007904DC /* Mock */ = {
			isa = PBXGroup;
			children = (
				BE25441B29185458007904DC /* MockPacketViewModel.swift */,
			);
			path = Mock;
			sourceTree = "<group>";
		};
		BE27F8EE288F35B80042F376 /* Parser */ = {
			isa = PBXGroup;
			children = (
				BE27F8EF288F35E30042F376 /* BagelPacketParser.swift */,
				BE9001AA28B0F9F7000B7C0E /* PacketParser.swift */,
			);
			path = Parser;
			sourceTree = "<group>";
		};
		BE27F8F1288F366E0042F376 /* Utils */ = {
			isa = PBXGroup;
			children = (
				BEED2A9728A5BD1A00EE1E5D /* AppError+UI.swift */,
				BECCCB9128A2002A00BD65BB /* AutoMockable.swift */,
				BE9001AE28B0FC00000B7C0E /* Biscuit+Hashable.swift */,
				BE04CE9F28B847FE0057F82A /* Callbacks.swift */,
				BE25442D29187610007904DC /* Collection+Filter.swift */,
				BEDF9B8B28DBCE4600D45A79 /* Collection+Utils.swift */,
				BEEBDD0328FCDAAE001BC0E6 /* Color+Utils.swift */,
				BE27F8FD288F48C40042F376 /* Data+Utils.swift */,
				BE2DEC762913555B00F0C109 /* Debugging.swift */,
				BE6F8124289DD99B00D28F49 /* DefaultInitializer.swift */,
				BE9001B128B159D7000B7C0E /* DescriptionUtils.swift */,
				BED81E2028F8EE63001E8E50 /* DictionaryMerge.swift */,
				BE9AA93228DFCCBC0030F0B3 /* DomainModel+Color.swift */,
				BE32D5B228A1C62F00EADEF7 /* Factory+Extension.swift */,
				BED81E1C28F8DE75001E8E50 /* NSAttributedString+Join.swift */,
				BE59915728CD1780008BA5CF /* Nosy.swift */,
				BE2DEC722913320600F0C109 /* OnAppearOnce.swift */,
				BEC9507528F764AD00809C05 /* Packet+Display.swift */,
				BEEB000B291FF044000DF1D7 /* PreviewProvider+Utils.swift */,
				BE27F8F2288F367B0042F376 /* String+Utils.swift */,
			);
			path = Utils;
			sourceTree = "<group>";
		};
		BE27F8FA288F415D0042F376 /* Api */ = {
			isa = PBXGroup;
			children = (
				BE682F86288C99650096346F /* BagelDeviceModel.swift */,
				BE682F80288C98FD0096346F /* BagelPacket.swift */,
				BE682F84288C992D0096346F /* BagelProjectModel.swift */,
				BE682F82288C99160096346F /* BagelRequestInfo.swift */,
				BE27F903288F4C140042F376 /* RequestMethod.swift */,
			);
			path = Api;
			sourceTree = "<group>";
		};
		BE27F8FB288F42560042F376 /* Logic */ = {
			isa = PBXGroup;
			children = (
				BE682F91288CBAB00096346F /* Networking */,
				BEC80077290564810088AC06 /* Utils */,
				BE32D5B028A1C44A00EADEF7 /* BiscuitCore.swift */,
				BEC80075290561AC0088AC06 /* MenuController.swift */,
			);
			path = Logic;
			sourceTree = "<group>";
		};
		BE27F90B288F59A50042F376 /* Domain */ = {
			isa = PBXGroup;
			children = (
				BEED2A8F28A5B3D500EE1E5D /* AppError.swift */,
				BEAC289328D7A9CB00B1F4B6 /* BuildFilter.swift */,
				BE04CE9128B82AB80057F82A /* Client.swift */,
				BE9001A228B0F3FA000B7C0E /* Device.swift */,
				BE27F905288F52080042F376 /* DeviceDescriptor.swift */,
				BE9001A828B0F999000B7C0E /* IncomingPacket.swift */,
				BEF69FFF28DFB44A00B3ECBB /* InvalidPacket.swift */,
				BE90019C28B0F29C000B7C0E /* Packet.swift */,
				BE25442329186D9C007904DC /* PacketFilter.swift */,
				BE9001A028B0F38B000B7C0E /* Project.swift */,
				BEC25AEC2899DE890083E5B5 /* ProjectDescriptor.swift */,
				BE27F907288F54290042F376 /* Request.swift */,
				BE27F909288F54300042F376 /* Response.swift */,
				BE88A63028DFD39800406E79 /* StatusCode.swift */,
			);
			path = Domain;
			sourceTree = "<group>";
		};
		BE32D63428A1E0E500EADEF7 /* BiscuitTests */ = {
			isa = PBXGroup;
			children = (
				BECCCB9328A2011B00BD65BB /* Mocks */,
				BE32D68728A1EDC300EADEF7 /* DispatcherTests.swift */,
				BE32D68528A1E8D900EADEF7 /* MyTests.swift */,
			);
			path = BiscuitTests;
			sourceTree = "<group>";
		};
		BE32D69228A1F1D600EADEF7 /* Frameworks */ = {
			isa = PBXGroup;
			children = (
			);
			name = Frameworks;
			sourceTree = "<group>";
		};
		BE37C1DF291C5BC2007C7DE3 /* ErrorView */ = {
			isa = PBXGroup;
			children = (
				BE37C1E4291C5C33007C7DE3 /* Mock */,
				BE37C1E0291C5C06007C7DE3 /* ErrorView.swift */,
				BE37C1E2291C5C15007C7DE3 /* ErrorViewModel.swift */,
			);
			path = ErrorView;
			sourceTree = "<group>";
		};
		BE37C1E4291C5C33007C7DE3 /* Mock */ = {
			isa = PBXGroup;
			children = (
				BE37C1E5291C5C47007C7DE3 /* MockErrorViewModel.swift */,
			);
			path = Mock;
			sourceTree = "<group>";
		};
		BE432ED52904CDE7004E4CCB /* UI */ = {
			isa = PBXGroup;
			children = (
				BEC9507C28F8D17800809C05 /* BiscuitJsonSyntaxHighlightingTheme.swift */,
				BEC2C47928FB5AA700679083 /* Style.swift */,
			);
			path = UI;
			sourceTree = "<group>";
		};
		BE432EF02904E74C004E4CCB /* Localizable */ = {
			isa = PBXGroup;
			children = (
				BE432EF12904E74C004E4CCB /* Localizable.strings */,
			);
			path = Localizable;
			sourceTree = "<group>";
		};
		BE432EF62904ECBD004E4CCB /* Generated */ = {
			isa = PBXGroup;
			children = (
				BEEB0005291FE308000DF1D7 /* Colors.generated.swift */,
				BEEB0006291FE308000DF1D7 /* DefaultDarkColors.generated.swift */,
				BEEB0004291FE308000DF1D7 /* DefaultLightColors.generated.swift */,
				BEEB0003291FE308000DF1D7 /* Localizable.generated.swift */,
			);
			path = Generated;
			sourceTree = "<group>";
		};
		BE44C45628C421C700791897 /* HeaderView */ = {
			isa = PBXGroup;
			children = (
				BE1EE57729149C2600092532 /* Mock */,
				BE04CE9728B834350057F82A /* HeaderView.swift */,
				BE25441F29185B0A007904DC /* HeaderViewModel.swift */,
			);
			path = HeaderView;
			sourceTree = "<group>";
		};
		BE5443CB28E908A500DD9DCB /* RequestView */ = {
			isa = PBXGroup;
			children = (
				BE5443CD28E908CC00DD9DCB /* RequestView.swift */,
			);
			path = RequestView;
			sourceTree = "<group>";
		};
		BE5443CC28E908B400DD9DCB /* ResponseView */ = {
			isa = PBXGroup;
			children = (
				BE5443CF28E908D600DD9DCB /* ResponseView.swift */,
			);
			path = ResponseView;
			sourceTree = "<group>";
		};
		BE5443D128E9096D00DD9DCB /* Overview */ = {
			isa = PBXGroup;
			children = (
				BE99621F2918A32A00223475 /* Mock */,
				BE5443D228E9097C00DD9DCB /* Overview.swift */,
				BE99621D2918A16F00223475 /* OverviewViewModel.swift */,
			);
			path = Overview;
			sourceTree = "<group>";
		};
		BE5C9EAC2899F3C200F84DE7 /* DI */ = {
			isa = PBXGroup;
			children = (
				BE5C9EAD2899F3D000F84DE7 /* Assembly.swift */,
			);
			path = DI;
			sourceTree = "<group>";
		};
		BE682F56288C31010096346F = {
			isa = PBXGroup;
			children = (
				BE682F61288C31010096346F /* Biscuit */,
				BE32D63428A1E0E500EADEF7 /* BiscuitTests */,
				BE32D69228A1F1D600EADEF7 /* Frameworks */,
				BE682F60288C31010096346F /* Products */,
			);
			sourceTree = "<group>";
		};
		BE682F60288C31010096346F /* Products */ = {
			isa = PBXGroup;
			children = (
				BE682F5F288C31010096346F /* Biscuit.app */,
				BE32D63328A1E0E500EADEF7 /* BiscuitTests.xctest */,
			);
			name = Products;
			sourceTree = "<group>";
		};
		BE682F61288C31010096346F /* Biscuit */ = {
			isa = PBXGroup;
			children = (
				BE682F8E288CA0260096346F /* Assets */,
				BE5C9EAC2899F3C200F84DE7 /* DI */,
				BE682F76288C963F0096346F /* Flux */,
				BE27F8FB288F42560042F376 /* Logic */,
				BE682F7F288C98EE0096346F /* Models */,
				BE682F8D288CA0090096346F /* UI */,
				BE27F8F1288F366E0042F376 /* Utils */,
				BE682F71288C311A0096346F /* AppDelegate.swift */,
				BE682F6B288C31020096346F /* Biscuit.entitlements */,
				BE682F62288C31010096346F /* BiscuitApp.swift */,
			);
			path = Biscuit;
			sourceTree = "<group>";
		};
		BE682F76288C963F0096346F /* Flux */ = {
			isa = PBXGroup;
			children = (
				BEC25AE22899CC3F0083E5B5 /* Interfaces */,
				BE9001B028B10273000B7C0E /* Modules */,
				BEED2A9128A5B45B00EE1E5D /* BaseStore.swift */,
				BE6F811E289DD68B00D28F49 /* MainDispatcher.swift */,
			);
			path = Flux;
			sourceTree = "<group>";
		};
		BE682F7F288C98EE0096346F /* Models */ = {
			isa = PBXGroup;
			children = (
				BE27F8FA288F415D0042F376 /* Api */,
				BE27F90B288F59A50042F376 /* Domain */,
				BE27F8EE288F35B80042F376 /* Parser */,
				BE432ED52904CDE7004E4CCB /* UI */,
				BE6CD46D28F2CFB10064C777 /* DummyObjectLibrary.swift */,
			);
			path = Models;
			sourceTree = "<group>";
		};
		BE682F8D288CA0090096346F /* UI */ = {
			isa = PBXGroup;
			children = (
				BE92891528D74A1C0008E116 /* Components */,
				BE37C1DF291C5BC2007C7DE3 /* ErrorView */,
				BE44C45628C421C700791897 /* HeaderView */,
				BE69393528CEB1B9007D4E3C /* LogView */,
				BEF65AC528E3B094001543F6 /* PacketView */,
				BEE3B293291C735800927AAD /* ToastMessageView */,
				BE682F64288C31010096346F /* MainWindow.swift */,
				BE5B09E029206E1800037002 /* MainWindowViewModel.swift */,
			);
			path = UI;
			sourceTree = "<group>";
		};
		BE682F8E288CA0260096346F /* Assets */ = {
			isa = PBXGroup;
			children = (
				BE432EF62904ECBD004E4CCB /* Generated */,
				BE79ABAE28FE0D7000301D7C /* Sources */,
				BEEBFFFD291FD946000DF1D7 /* Colors.swift */,
				BED81E1E28F8E7D3001E8E50 /* Fonts.swift */,
				BE2BCECF292C410500E291F3 /* IconName.swift */,
				BEF7BD8A28A847B8002E825A /* UserColors.swift */,
			);
			path = Assets;
			sourceTree = "<group>";
		};
		BE682F91288CBAB00096346F /* Networking */ = {
			isa = PBXGroup;
			children = (
				BE682F94288CBB300096346F /* BagelConfig.swift */,
				BE682F92288CBADF0096346F /* Connector.swift */,
				BE682F96288CC15C0096346F /* NetworkConnection.swift */,
			);
			path = Networking;
			sourceTree = "<group>";
		};
		BE69392F28CE2605007D4E3C /* UseCases */ = {
			isa = PBXGroup;
			children = (
				BE5B09E42921C46600037002 /* PostMessageTask.swift */,
				BE5B09E52921C46600037002 /* PostMessageTaskInterface.swift */,
			);
			path = UseCases;
			sourceTree = "<group>";
		};
		BE69393528CEB1B9007D4E3C /* LogView */ = {
			isa = PBXGroup;
			children = (
				BE1EE57429149C1D00092532 /* Mock */,
				BEE7190828BC16C3000F147B /* Models */,
				BE9001BB28B2F87D000B7C0E /* LogView.swift */,
				BE25441D29185495007904DC /* LogViewModel.swift */,
			);
			path = LogView;
			sourceTree = "<group>";
		};
		BE79ABAE28FE0D7000301D7C /* Sources */ = {
			isa = PBXGroup;
			children = (
				BE432EF02904E74C004E4CCB /* Localizable */,
				BE682F66288C31020096346F /* Assets.xcassets */,
				BEEBFFFB291FCAFF000DF1D7 /* DefaultColors.xcassets */,
				BEC2C47D28FB638900679083 /* DefaultDarkColors.plist */,
				BEEBDD0B28FCE651001BC0E6 /* DefaultLightColors.plist */,
			);
			path = Sources;
			sourceTree = "<group>";
		};
		BE90019128B0F22D000B7C0E /* Packet */ = {
			isa = PBXGroup;
			children = (
				BE90019228B0F242000B7C0E /* PacketActions.swift */,
				BE90019428B0F24A000B7C0E /* PacketState.swift */,
				BE90019628B0F257000B7C0E /* PacketStore.swift */,
			);
			path = Packet;
			sourceTree = "<group>";
		};
		BE9001B028B10273000B7C0E /* Modules */ = {
			isa = PBXGroup;
			children = (
				BEED2A8828A5B31500EE1E5D /* App */,
				BE90019128B0F22D000B7C0E /* Packet */,
			);
			path = Modules;
			sourceTree = "<group>";
		};
		BE92891528D74A1C0008E116 /* Components */ = {
			isa = PBXGroup;
			children = (
				BEC9507A28F8CDD900809C05 /* AttributedTextView.swift */,
				BE5443D428E911AB00DD9DCB /* BlurView.swift */,
				BE93249B292026C800FE4921 /* CommonPicker.swift */,
				BE6CD46B28F227960064C777 /* SmallActionButton.swift */,
				BE44C44B28C40BFB00791897 /* StandardPicker.swift */,
			);
			path = Components;
			sourceTree = "<group>";
		};
		BE99621F2918A32A00223475 /* Mock */ = {
			isa = PBXGroup;
			children = (
				BE9962202918A33600223475 /* MockOverviewViewModel.swift */,
			);
			path = Mock;
			sourceTree = "<group>";
		};
		BEC25AE22899CC3F0083E5B5 /* Interfaces */ = {
			isa = PBXGroup;
			children = (
				BE682F79288C96630096346F /* FluxAction.swift */,
				BE682F77288C964F0096346F /* FluxDispatcher.swift */,
				BE5C9EB4289A025E00F84DE7 /* FluxState.swift */,
				BE682F7B288C96780096346F /* FluxStore.swift */,
			);
			path = Interfaces;
			sourceTree = "<group>";
		};
		BEC80077290564810088AC06 /* Utils */ = {
			isa = PBXGroup;
			children = (
				BEC80073290560390088AC06 /* SavePanel.swift */,
			);
			path = Utils;
			sourceTree = "<group>";
		};
		BECCCB9328A2011B00BD65BB /* Mocks */ = {
			isa = PBXGroup;
			children = (
				BECCCB9428A2011B00BD65BB /* BiscuitTests.generated.swift */,
			);
			path = Mocks;
			sourceTree = "<group>";
		};
		BEE3B293291C735800927AAD /* ToastMessageView */ = {
			isa = PBXGroup;
			children = (
				BEE3B298291C758900927AAD /* Mock */,
				BEE3B294291C738600927AAD /* ToastContainerView.swift */,
				BEE3B296291C74E300927AAD /* ToastContainerViewModel.swift */,
			);
			path = ToastMessageView;
			sourceTree = "<group>";
		};
		BEE3B298291C758900927AAD /* Mock */ = {
			isa = PBXGroup;
			children = (
				BEE3B299291C759B00927AAD /* MockToastMessageViewModel.swift */,
			);
			path = Mock;
			sourceTree = "<group>";
		};
		BEE7190828BC16C3000F147B /* Models */ = {
			isa = PBXGroup;
			children = (
				BEE7190928BC172C000F147B /* PacketTableRow.swift */,
			);
			path = Models;
			sourceTree = "<group>";
		};
		BEED2A8828A5B31500EE1E5D /* App */ = {
			isa = PBXGroup;
			children = (
				BE69392F28CE2605007D4E3C /* UseCases */,
				BEED2A8928A5B32D00EE1E5D /* AppActions.swift */,
				BEED2A8B28A5B33500EE1E5D /* AppState.swift */,
				BEED2A8D28A5B34300EE1E5D /* AppStore.swift */,
			);
			path = App;
			sourceTree = "<group>";
		};
		BEF65AC528E3B094001543F6 /* PacketView */ = {
			isa = PBXGroup;
			children = (
				BE25441A29185444007904DC /* Mock */,
				BE5443D128E9096D00DD9DCB /* Overview */,
				BE5443CB28E908A500DD9DCB /* RequestView */,
				BE5443CC28E908B400DD9DCB /* ResponseView */,
				BEF65AC628E3B0D4001543F6 /* PacketView.swift */,
				BE2544122917E62A007904DC /* PacketViewModel.swift */,
			);
			path = PacketView;
			sourceTree = "<group>";
		};
/* End PBXGroup section */

/* Begin PBXHeadersBuildPhase section */
		BEEBDD0D28FCE7F4001BC0E6 /* Headers */ = {
			isa = PBXHeadersBuildPhase;
			buildActionMask = 2147483647;
			files = (
			);
			runOnlyForDeploymentPostprocessing = 0;
		};
/* End PBXHeadersBuildPhase section */

/* Begin PBXNativeTarget section */
		BE32D63228A1E0E500EADEF7 /* BiscuitTests */ = {
			isa = PBXNativeTarget;
			buildConfigurationList = BE32D63928A1E0E500EADEF7 /* Build configuration list for PBXNativeTarget "BiscuitTests" */;
			buildPhases = (
				BE32D62F28A1E0E500EADEF7 /* Sources */,
				BE32D63028A1E0E500EADEF7 /* Frameworks */,
				BE32D63128A1E0E500EADEF7 /* Resources */,
			);
			buildRules = (
			);
			dependencies = (
				BE32D64828A1E51F00EADEF7 /* PBXTargetDependency */,
				BE32D68428A1E6E300EADEF7 /* PBXTargetDependency */,
			);
			name = BiscuitTests;
			packageProductDependencies = (
				BECCCB9728A2024A00BD65BB /* SwiftyMocky */,
			);
			productName = BiscuitTests;
			productReference = BE32D63328A1E0E500EADEF7 /* BiscuitTests.xctest */;
			productType = "com.apple.product-type.bundle.unit-test";
		};
		BE682F5E288C31010096346F /* Biscuit */ = {
			isa = PBXNativeTarget;
			buildConfigurationList = BE682F6E288C31020096346F /* Build configuration list for PBXNativeTarget "Biscuit" */;
			buildPhases = (
				BEEBDD0E28FCE86B001BC0E6 /* Generate resources */,
				BEEBDD0D28FCE7F4001BC0E6 /* Headers */,
				BE682F5B288C31010096346F /* Sources */,
				BE682F5C288C31010096346F /* Frameworks */,
				BE682F5D288C31010096346F /* Resources */,
			);
			buildRules = (
			);
			dependencies = (
			);
			name = Biscuit;
			packageProductDependencies = (
				BE32D64228A1E26300EADEF7 /* Factory */,
				BEC9507828F8C42700809C05 /* Highlight */,
				BE9B216829330FC100D1BCDD /* ZIPFoundation */,
			);
			productName = Biscuit;
			productReference = BE682F5F288C31010096346F /* Biscuit.app */;
			productType = "com.apple.product-type.application";
		};
/* End PBXNativeTarget section */

/* Begin PBXProject section */
		BE682F57288C31010096346F /* Project object */ = {
			isa = PBXProject;
			attributes = {
				BuildIndependentTargetsInParallel = 1;
				LastSwiftUpdateCheck = 1340;
				LastUpgradeCheck = 1400;
				TargetAttributes = {
					BE32D63228A1E0E500EADEF7 = {
						CreatedOnToolsVersion = 13.4.1;
						TestTargetID = BE682F5E288C31010096346F;
					};
					BE682F5E288C31010096346F = {
						CreatedOnToolsVersion = 13.4.1;
					};
				};
			};
			buildConfigurationList = BE682F5A288C31010096346F /* Build configuration list for PBXProject "Biscuit" */;
			compatibilityVersion = "Xcode 13.0";
			developmentRegion = en;
			hasScannedForEncodings = 0;
			knownRegions = (
				en,
				Base,
			);
			mainGroup = BE682F56288C31010096346F;
			packageReferences = (
				BE32D64128A1E26300EADEF7 /* XCRemoteSwiftPackageReference "Factory" */,
				BECCCB9628A2024A00BD65BB /* XCRemoteSwiftPackageReference "SwiftyMocky" */,
				BEC9507728F8C42600809C05 /* XCRemoteSwiftPackageReference "Highlight" */,
				BE9B216729330FC100D1BCDD /* XCRemoteSwiftPackageReference "ZIPFoundation" */,
			);
			productRefGroup = BE682F60288C31010096346F /* Products */;
			projectDirPath = "";
			projectRoot = "";
			targets = (
				BE682F5E288C31010096346F /* Biscuit */,
				BE32D63228A1E0E500EADEF7 /* BiscuitTests */,
			);
		};
/* End PBXProject section */

/* Begin PBXResourcesBuildPhase section */
		BE32D63128A1E0E500EADEF7 /* Resources */ = {
			isa = PBXResourcesBuildPhase;
			buildActionMask = 2147483647;
			files = (
			);
			runOnlyForDeploymentPostprocessing = 0;
		};
		BE682F5D288C31010096346F /* Resources */ = {
			isa = PBXResourcesBuildPhase;
			buildActionMask = 2147483647;
			files = (
				BE682F67288C31020096346F /* Assets.xcassets in Resources */,
				BEEBFFFC291FCAFF000DF1D7 /* DefaultColors.xcassets in Resources */,
				BEC2C47E28FB638900679083 /* DefaultDarkColors.plist in Resources */,
				BEEBDD0C28FCE651001BC0E6 /* DefaultLightColors.plist in Resources */,
				BE432EF32904E74D004E4CCB /* Localizable.strings in Resources */,
			);
			runOnlyForDeploymentPostprocessing = 0;
		};
/* End PBXResourcesBuildPhase section */

/* Begin PBXShellScriptBuildPhase section */
		BEEBDD0E28FCE86B001BC0E6 /* Generate resources */ = {
			isa = PBXShellScriptBuildPhase;
			alwaysOutOfDate = 1;
			buildActionMask = 2147483647;
			files = (
			);
			inputFileListPaths = (
			);
			inputPaths = (
			);
			name = "Generate resources";
			outputFileListPaths = (
			);
			outputPaths = (
			);
			runOnlyForDeploymentPostprocessing = 0;
			shellPath = /bin/sh;
			shellScript = "if [[ -f \"${SRCROOT}/Tools/SwiftGen/bin/swiftgen\" ]]; then\n  \"${SRCROOT}/Tools/SwiftGen/bin/swiftgen\"\nelse\n  echo \"warning: SwiftGen is not installed.\"\nfi \n";
		};
/* End PBXShellScriptBuildPhase section */

/* Begin PBXSourcesBuildPhase section */
		BE32D62F28A1E0E500EADEF7 /* Sources */ = {
			isa = PBXSourcesBuildPhase;
			buildActionMask = 2147483647;
			files = (
				BECCCB9528A2011B00BD65BB /* BiscuitTests.generated.swift in Sources */,
				BE32D68828A1EDC300EADEF7 /* DispatcherTests.swift in Sources */,
				BE32D68628A1E8D900EADEF7 /* MyTests.swift in Sources */,
			);
			runOnlyForDeploymentPostprocessing = 0;
		};
		BE682F5B288C31010096346F /* Sources */ = {
			isa = PBXSourcesBuildPhase;
			buildActionMask = 2147483647;
			files = (
				BEED2A8A28A5B32D00EE1E5D /* AppActions.swift in Sources */,
				BE682F72288C311A0096346F /* AppDelegate.swift in Sources */,
				BEED2A9828A5BD1A00EE1E5D /* AppError+UI.swift in Sources */,
				BEED2A9028A5B3D500EE1E5D /* AppError.swift in Sources */,
				BEED2A8C28A5B33500EE1E5D /* AppState.swift in Sources */,
				BEED2A8E28A5B34300EE1E5D /* AppStore.swift in Sources */,
				BE5C9EAE2899F3D000F84DE7 /* Assembly.swift in Sources */,
				BEC9507B28F8CDD900809C05 /* AttributedTextView.swift in Sources */,
				BECCCB9228A2002A00BD65BB /* AutoMockable.swift in Sources */,
				BE682F95288CBB300096346F /* BagelConfig.swift in Sources */,
				BE682F87288C99650096346F /* BagelDeviceModel.swift in Sources */,
				BE682F81288C98FD0096346F /* BagelPacket.swift in Sources */,
				BE27F8F0288F35E30042F376 /* BagelPacketParser.swift in Sources */,
				BE682F85288C992D0096346F /* BagelProjectModel.swift in Sources */,
				BE682F83288C99160096346F /* BagelRequestInfo.swift in Sources */,
				BEED2A9228A5B45B00EE1E5D /* BaseStore.swift in Sources */,
				BE9001AF28B0FC00000B7C0E /* Biscuit+Hashable.swift in Sources */,
				BE682F63288C31010096346F /* BiscuitApp.swift in Sources */,
				BE32D5B128A1C44A00EADEF7 /* BiscuitCore.swift in Sources */,
				BEC9507D28F8D17800809C05 /* BiscuitJsonSyntaxHighlightingTheme.swift in Sources */,
				BE5443D528E911AB00DD9DCB /* BlurView.swift in Sources */,
				BEAC289428D7A9CB00B1F4B6 /* BuildFilter.swift in Sources */,
				BE04CEA028B847FE0057F82A /* Callbacks.swift in Sources */,
				BE04CE9228B82AB80057F82A /* Client.swift in Sources */,
				BE25442E29187610007904DC /* Collection+Filter.swift in Sources */,
				BEDF9B8C28DBCE4600D45A79 /* Collection+Utils.swift in Sources */,
				BEEBDD0428FCDAAE001BC0E6 /* Color+Utils.swift in Sources */,
				BEEB0009291FE308000DF1D7 /* Colors.generated.swift in Sources */,
				BEEBFFFE291FD946000DF1D7 /* Colors.swift in Sources */,
				BE93249C292026C800FE4921 /* CommonPicker.swift in Sources */,
				BE682F93288CBADF0096346F /* Connector.swift in Sources */,
				BE27F8FE288F48C40042F376 /* Data+Utils.swift in Sources */,
				BE2DEC772913555B00F0C109 /* Debugging.swift in Sources */,
				BEEB000A291FE308000DF1D7 /* DefaultDarkColors.generated.swift in Sources */,
				BE6F8125289DD99B00D28F49 /* DefaultInitializer.swift in Sources */,
				BEEB0008291FE308000DF1D7 /* DefaultLightColors.generated.swift in Sources */,
				BE9001B228B159D7000B7C0E /* DescriptionUtils.swift in Sources */,
				BE9001A328B0F3FA000B7C0E /* Device.swift in Sources */,
				BE27F906288F52080042F376 /* DeviceDescriptor.swift in Sources */,
				BED81E2128F8EE63001E8E50 /* DictionaryMerge.swift in Sources */,
				BE9AA93328DFCCBC0030F0B3 /* DomainModel+Color.swift in Sources */,
				BE6CD46E28F2CFB20064C777 /* DummyObjectLibrary.swift in Sources */,
				BE37C1E1291C5C06007C7DE3 /* ErrorView.swift in Sources */,
				BE37C1E3291C5C15007C7DE3 /* ErrorViewModel.swift in Sources */,
				BE32D5B328A1C62F00EADEF7 /* Factory+Extension.swift in Sources */,
				BE682F7A288C96630096346F /* FluxAction.swift in Sources */,
				BE682F78288C964F0096346F /* FluxDispatcher.swift in Sources */,
				BE5C9EB5289A025E00F84DE7 /* FluxState.swift in Sources */,
				BE682F7C288C96780096346F /* FluxStore.swift in Sources */,
				BED81E1F28F8E7D3001E8E50 /* Fonts.swift in Sources */,
				BE04CE9828B834350057F82A /* HeaderView.swift in Sources */,
				BE25442029185B0A007904DC /* HeaderViewModel.swift in Sources */,
				BE2BCED0292C410500E291F3 /* IconName.swift in Sources */,
				BE9001A928B0F999000B7C0E /* IncomingPacket.swift in Sources */,
				BEF6A00028DFB44A00B3ECBB /* InvalidPacket.swift in Sources */,
				BEEB0007291FE308000DF1D7 /* Localizable.generated.swift in Sources */,
				BE9001BC28B2F87D000B7C0E /* LogView.swift in Sources */,
				BE25441E29185495007904DC /* LogViewModel.swift in Sources */,
				BE6F811F289DD68B00D28F49 /* MainDispatcher.swift in Sources */,
				BE682F65288C31010096346F /* MainWindow.swift in Sources */,
				BE5B09E129206E1800037002 /* MainWindowViewModel.swift in Sources */,
				BEC80076290561AC0088AC06 /* MenuController.swift in Sources */,
				BE37C1E6291C5C47007C7DE3 /* MockErrorViewModel.swift in Sources */,
				BE1EE57929149C2600092532 /* MockHeaderViewModel.swift in Sources */,
				BE1EE57629149C1D00092532 /* MockLogViewModel.swift in Sources */,
				BE9962212918A33600223475 /* MockOverviewViewModel.swift in Sources */,
				BE25441C29185458007904DC /* MockPacketViewModel.swift in Sources */,
				BEE3B29A291C759B00927AAD /* MockToastMessageViewModel.swift in Sources */,
				BED81E1D28F8DE75001E8E50 /* NSAttributedString+Join.swift in Sources */,
				BE682F97288CC15C0096346F /* NetworkConnection.swift in Sources */,
				BE59915828CD1780008BA5CF /* Nosy.swift in Sources */,
				BE2DEC732913320600F0C109 /* OnAppearOnce.swift in Sources */,
				BE5443D328E9097C00DD9DCB /* Overview.swift in Sources */,
				BE99621E2918A16F00223475 /* OverviewViewModel.swift in Sources */,
				BEC9507628F764AD00809C05 /* Packet+Display.swift in Sources */,
				BE90019D28B0F29C000B7C0E /* Packet.swift in Sources */,
				BE90019328B0F242000B7C0E /* PacketActions.swift in Sources */,
				BE25442429186D9C007904DC /* PacketFilter.swift in Sources */,
				BE9001AB28B0F9F7000B7C0E /* PacketParser.swift in Sources */,
				BE90019528B0F24A000B7C0E /* PacketState.swift in Sources */,
				BE90019728B0F257000B7C0E /* PacketStore.swift in Sources */,
				BEE7190A28BC172C000F147B /* PacketTableRow.swift in Sources */,
				BEF65AC728E3B0D4001543F6 /* PacketView.swift in Sources */,
				BE2544132917E62B007904DC /* PacketViewModel.swift in Sources */,
				BE5B09E62921C46600037002 /* PostMessageTask.swift in Sources */,
				BE5B09E72921C46600037002 /* PostMessageTaskInterface.swift in Sources */,
				BEEB000C291FF044000DF1D7 /* PreviewProvider+Utils.swift in Sources */,
				BE9001A128B0F38B000B7C0E /* Project.swift in Sources */,
				BEC25AED2899DE890083E5B5 /* ProjectDescriptor.swift in Sources */,
				BE27F908288F54290042F376 /* Request.swift in Sources */,
				BE27F904288F4C140042F376 /* RequestMethod.swift in Sources */,
				BE5443CE28E908CC00DD9DCB /* RequestView.swift in Sources */,
				BE27F90A288F54300042F376 /* Response.swift in Sources */,
				BE5443D028E908D600DD9DCB /* ResponseView.swift in Sources */,
				BEC80074290560390088AC06 /* SavePanel.swift in Sources */,
				BE6CD46C28F227960064C777 /* SmallActionButton.swift in Sources */,
				BE44C44C28C40BFB00791897 /* StandardPicker.swift in Sources */,
				BE88A63128DFD39800406E79 /* StatusCode.swift in Sources */,
				BE27F8F3288F367B0042F376 /* String+Utils.swift in Sources */,
				BEC2C47A28FB5AA700679083 /* Style.swift in Sources */,
				BEE3B295291C738600927AAD /* ToastContainerView.swift in Sources */,
				BEE3B297291C74E300927AAD /* ToastContainerViewModel.swift in Sources */,
				BEF7BD8B28A847B8002E825A /* UserColors.swift in Sources */,
			);
			runOnlyForDeploymentPostprocessing = 0;
		};
/* End PBXSourcesBuildPhase section */

/* Begin PBXTargetDependency section */
		BE32D64828A1E51F00EADEF7 /* PBXTargetDependency */ = {
			isa = PBXTargetDependency;
			productRef = BE32D64728A1E51F00EADEF7 /* Factory */;
		};
		BE32D68428A1E6E300EADEF7 /* PBXTargetDependency */ = {
			isa = PBXTargetDependency;
			target = BE682F5E288C31010096346F /* Biscuit */;
			targetProxy = BE32D68328A1E6E300EADEF7 /* PBXContainerItemProxy */;
		};
/* End PBXTargetDependency section */

/* Begin PBXVariantGroup section */
		BE432EF12904E74C004E4CCB /* Localizable.strings */ = {
			isa = PBXVariantGroup;
			children = (
				BE432EF22904E74C004E4CCB /* en */,
			);
			name = Localizable.strings;
			sourceTree = "<group>";
		};
/* End PBXVariantGroup section */

/* Begin XCBuildConfiguration section */
		BE32D63A28A1E0E500EADEF7 /* Debug */ = {
			isa = XCBuildConfiguration;
			buildSettings = {
				ALWAYS_EMBED_SWIFT_STANDARD_LIBRARIES = YES;
				BUNDLE_LOADER = "$(TEST_HOST)";
				CODE_SIGN_STYLE = Automatic;
				CURRENT_PROJECT_VERSION = 1;
				DEAD_CODE_STRIPPING = YES;
				DEVELOPMENT_TEAM = 2TQPT2TRMX;
				GENERATE_INFOPLIST_FILE = YES;
				MACOSX_DEPLOYMENT_TARGET = 12.3;
				MARKETING_VERSION = 1.0;
				OTHER_LDFLAGS = (
					"-framework",
					"\"XCTest\"",
				);
				PRODUCT_BUNDLE_IDENTIFIER = com.magnificat.BiscuitTests;
				PRODUCT_NAME = "$(TARGET_NAME)";
				SWIFT_EMIT_LOC_STRINGS = NO;
				SWIFT_VERSION = 5.0;
				TEST_HOST = "$(BUILT_PRODUCTS_DIR)/Biscuit.app/Contents/MacOS/Biscuit";
			};
			name = Debug;
		};
		BE32D63B28A1E0E500EADEF7 /* Release */ = {
			isa = XCBuildConfiguration;
			buildSettings = {
				ALWAYS_EMBED_SWIFT_STANDARD_LIBRARIES = YES;
				BUNDLE_LOADER = "$(TEST_HOST)";
				CODE_SIGN_STYLE = Automatic;
				CURRENT_PROJECT_VERSION = 1;
				DEAD_CODE_STRIPPING = YES;
				DEVELOPMENT_TEAM = 2TQPT2TRMX;
				GENERATE_INFOPLIST_FILE = YES;
				MACOSX_DEPLOYMENT_TARGET = 12.3;
				MARKETING_VERSION = 1.0;
				OTHER_LDFLAGS = (
					"-framework",
					"\"XCTest\"",
				);
				PRODUCT_BUNDLE_IDENTIFIER = com.magnificat.BiscuitTests;
				PRODUCT_NAME = "$(TARGET_NAME)";
				SWIFT_EMIT_LOC_STRINGS = NO;
				SWIFT_VERSION = 5.0;
				TEST_HOST = "$(BUILT_PRODUCTS_DIR)/Biscuit.app/Contents/MacOS/Biscuit";
			};
			name = Release;
		};
		BE682F6C288C31020096346F /* Debug */ = {
			isa = XCBuildConfiguration;
			buildSettings = {
				ALWAYS_SEARCH_USER_PATHS = NO;
				CLANG_ANALYZER_LOCALIZABILITY_NONLOCALIZED = YES;
				CLANG_ANALYZER_NONNULL = YES;
				CLANG_ANALYZER_NUMBER_OBJECT_CONVERSION = YES_AGGRESSIVE;
				CLANG_CXX_LANGUAGE_STANDARD = "gnu++17";
				CLANG_ENABLE_MODULES = YES;
				CLANG_ENABLE_OBJC_ARC = YES;
				CLANG_ENABLE_OBJC_WEAK = YES;
				CLANG_WARN_BLOCK_CAPTURE_AUTORELEASING = YES;
				CLANG_WARN_BOOL_CONVERSION = YES;
				CLANG_WARN_COMMA = YES;
				CLANG_WARN_CONSTANT_CONVERSION = YES;
				CLANG_WARN_DEPRECATED_OBJC_IMPLEMENTATIONS = YES;
				CLANG_WARN_DIRECT_OBJC_ISA_USAGE = YES_ERROR;
				CLANG_WARN_DOCUMENTATION_COMMENTS = YES;
				CLANG_WARN_EMPTY_BODY = YES;
				CLANG_WARN_ENUM_CONVERSION = YES;
				CLANG_WARN_INFINITE_RECURSION = YES;
				CLANG_WARN_INT_CONVERSION = YES;
				CLANG_WARN_NON_LITERAL_NULL_CONVERSION = YES;
				CLANG_WARN_OBJC_IMPLICIT_RETAIN_SELF = YES;
				CLANG_WARN_OBJC_LITERAL_CONVERSION = YES;
				CLANG_WARN_OBJC_ROOT_CLASS = YES_ERROR;
				CLANG_WARN_QUOTED_INCLUDE_IN_FRAMEWORK_HEADER = YES;
				CLANG_WARN_RANGE_LOOP_ANALYSIS = YES;
				CLANG_WARN_STRICT_PROTOTYPES = YES;
				CLANG_WARN_SUSPICIOUS_MOVE = YES;
				CLANG_WARN_UNGUARDED_AVAILABILITY = YES_AGGRESSIVE;
				CLANG_WARN_UNREACHABLE_CODE = YES;
				CLANG_WARN__DUPLICATE_METHOD_MATCH = YES;
				COPY_PHASE_STRIP = NO;
				DEAD_CODE_STRIPPING = YES;
				DEBUG_INFORMATION_FORMAT = dwarf;
				ENABLE_STRICT_OBJC_MSGSEND = YES;
				ENABLE_TESTABILITY = YES;
				GCC_C_LANGUAGE_STANDARD = gnu11;
				GCC_DYNAMIC_NO_PIC = NO;
				GCC_NO_COMMON_BLOCKS = YES;
				GCC_OPTIMIZATION_LEVEL = 0;
				GCC_PREPROCESSOR_DEFINITIONS = (
					"DEBUG=1",
					"$(inherited)",
				);
				GCC_WARN_64_TO_32_BIT_CONVERSION = YES;
				GCC_WARN_ABOUT_RETURN_TYPE = YES_ERROR;
				GCC_WARN_UNDECLARED_SELECTOR = YES;
				GCC_WARN_UNINITIALIZED_AUTOS = YES_AGGRESSIVE;
				GCC_WARN_UNUSED_FUNCTION = YES;
				GCC_WARN_UNUSED_VARIABLE = YES;
				MACOSX_DEPLOYMENT_TARGET = 12.3;
				MTL_ENABLE_DEBUG_INFO = INCLUDE_SOURCE;
				MTL_FAST_MATH = YES;
				ONLY_ACTIVE_ARCH = YES;
				SDKROOT = macosx;
				SWIFT_ACTIVE_COMPILATION_CONDITIONS = DEBUG;
				SWIFT_OPTIMIZATION_LEVEL = "-Onone";
			};
			name = Debug;
		};
		BE682F6D288C31020096346F /* Release */ = {
			isa = XCBuildConfiguration;
			buildSettings = {
				ALWAYS_SEARCH_USER_PATHS = NO;
				CLANG_ANALYZER_LOCALIZABILITY_NONLOCALIZED = YES;
				CLANG_ANALYZER_NONNULL = YES;
				CLANG_ANALYZER_NUMBER_OBJECT_CONVERSION = YES_AGGRESSIVE;
				CLANG_CXX_LANGUAGE_STANDARD = "gnu++17";
				CLANG_ENABLE_MODULES = YES;
				CLANG_ENABLE_OBJC_ARC = YES;
				CLANG_ENABLE_OBJC_WEAK = YES;
				CLANG_WARN_BLOCK_CAPTURE_AUTORELEASING = YES;
				CLANG_WARN_BOOL_CONVERSION = YES;
				CLANG_WARN_COMMA = YES;
				CLANG_WARN_CONSTANT_CONVERSION = YES;
				CLANG_WARN_DEPRECATED_OBJC_IMPLEMENTATIONS = YES;
				CLANG_WARN_DIRECT_OBJC_ISA_USAGE = YES_ERROR;
				CLANG_WARN_DOCUMENTATION_COMMENTS = YES;
				CLANG_WARN_EMPTY_BODY = YES;
				CLANG_WARN_ENUM_CONVERSION = YES;
				CLANG_WARN_INFINITE_RECURSION = YES;
				CLANG_WARN_INT_CONVERSION = YES;
				CLANG_WARN_NON_LITERAL_NULL_CONVERSION = YES;
				CLANG_WARN_OBJC_IMPLICIT_RETAIN_SELF = YES;
				CLANG_WARN_OBJC_LITERAL_CONVERSION = YES;
				CLANG_WARN_OBJC_ROOT_CLASS = YES_ERROR;
				CLANG_WARN_QUOTED_INCLUDE_IN_FRAMEWORK_HEADER = YES;
				CLANG_WARN_RANGE_LOOP_ANALYSIS = YES;
				CLANG_WARN_STRICT_PROTOTYPES = YES;
				CLANG_WARN_SUSPICIOUS_MOVE = YES;
				CLANG_WARN_UNGUARDED_AVAILABILITY = YES_AGGRESSIVE;
				CLANG_WARN_UNREACHABLE_CODE = YES;
				CLANG_WARN__DUPLICATE_METHOD_MATCH = YES;
				COPY_PHASE_STRIP = NO;
				DEAD_CODE_STRIPPING = YES;
				DEBUG_INFORMATION_FORMAT = "dwarf-with-dsym";
				ENABLE_NS_ASSERTIONS = NO;
				ENABLE_STRICT_OBJC_MSGSEND = YES;
				GCC_C_LANGUAGE_STANDARD = gnu11;
				GCC_NO_COMMON_BLOCKS = YES;
				GCC_WARN_64_TO_32_BIT_CONVERSION = YES;
				GCC_WARN_ABOUT_RETURN_TYPE = YES_ERROR;
				GCC_WARN_UNDECLARED_SELECTOR = YES;
				GCC_WARN_UNINITIALIZED_AUTOS = YES_AGGRESSIVE;
				GCC_WARN_UNUSED_FUNCTION = YES;
				GCC_WARN_UNUSED_VARIABLE = YES;
				MACOSX_DEPLOYMENT_TARGET = 12.3;
				MTL_ENABLE_DEBUG_INFO = NO;
				MTL_FAST_MATH = YES;
				SDKROOT = macosx;
				SWIFT_COMPILATION_MODE = wholemodule;
				SWIFT_OPTIMIZATION_LEVEL = "-O";
			};
			name = Release;
		};
		BE682F6F288C31020096346F /* Debug */ = {
			isa = XCBuildConfiguration;
			buildSettings = {
				ASSETCATALOG_COMPILER_APPICON_NAME = AppIcon;
				ASSETCATALOG_COMPILER_GLOBAL_ACCENT_COLOR_NAME = AccentColor;
				ASSETCATALOG_COMPILER_INCLUDE_ALL_APPICON_ASSETS = YES;
				CODE_SIGN_ENTITLEMENTS = Biscuit/Biscuit.entitlements;
				CODE_SIGN_IDENTITY = "Apple Development";
				CODE_SIGN_STYLE = Automatic;
				COMBINE_HIDPI_IMAGES = YES;
				CURRENT_PROJECT_VERSION = 1;
				DEAD_CODE_STRIPPING = YES;
				DEVELOPMENT_TEAM = 2TQPT2TRMX;
				ENABLE_HARDENED_RUNTIME = YES;
				ENABLE_PREVIEWS = YES;
				GENERATE_INFOPLIST_FILE = YES;
				INFOPLIST_KEY_CFBundleDisplayName = Biscuit;
				INFOPLIST_KEY_LSApplicationCategoryType = "public.app-category.developer-tools";
				INFOPLIST_KEY_NSHumanReadableCopyright = "";
				LD_RUNPATH_SEARCH_PATHS = (
					"$(inherited)",
					"@executable_path/../Frameworks",
				);
				MARKETING_VERSION = 0.5;
				PRODUCT_BUNDLE_IDENTIFIER = com.magnificat.Biscuit;
				PRODUCT_NAME = "$(TARGET_NAME)";
				SWIFT_EMIT_LOC_STRINGS = YES;
				SWIFT_VERSION = 5.0;
			};
			name = Debug;
		};
		BE682F70288C31020096346F /* Release */ = {
			isa = XCBuildConfiguration;
			buildSettings = {
				ASSETCATALOG_COMPILER_APPICON_NAME = AppIcon;
				ASSETCATALOG_COMPILER_GLOBAL_ACCENT_COLOR_NAME = AccentColor;
				ASSETCATALOG_COMPILER_INCLUDE_ALL_APPICON_ASSETS = YES;
				CODE_SIGN_ENTITLEMENTS = Biscuit/Biscuit.entitlements;
				CODE_SIGN_IDENTITY = "Apple Development";
				CODE_SIGN_STYLE = Automatic;
				COMBINE_HIDPI_IMAGES = YES;
				CURRENT_PROJECT_VERSION = 1;
				DEAD_CODE_STRIPPING = YES;
				DEVELOPMENT_TEAM = 2TQPT2TRMX;
				ENABLE_HARDENED_RUNTIME = YES;
				ENABLE_PREVIEWS = YES;
				GENERATE_INFOPLIST_FILE = YES;
				INFOPLIST_KEY_CFBundleDisplayName = Biscuit;
				INFOPLIST_KEY_LSApplicationCategoryType = "public.app-category.developer-tools";
				INFOPLIST_KEY_NSHumanReadableCopyright = "";
				LD_RUNPATH_SEARCH_PATHS = (
					"$(inherited)",
					"@executable_path/../Frameworks",
				);
				MARKETING_VERSION = 0.5;
				PRODUCT_BUNDLE_IDENTIFIER = com.magnificat.Biscuit;
				PRODUCT_NAME = "$(TARGET_NAME)";
				SWIFT_EMIT_LOC_STRINGS = YES;
				SWIFT_VERSION = 5.0;
			};
			name = Release;
		};
/* End XCBuildConfiguration section */

/* Begin XCConfigurationList section */
		BE32D63928A1E0E500EADEF7 /* Build configuration list for PBXNativeTarget "BiscuitTests" */ = {
			isa = XCConfigurationList;
			buildConfigurations = (
				BE32D63A28A1E0E500EADEF7 /* Debug */,
				BE32D63B28A1E0E500EADEF7 /* Release */,
			);
			defaultConfigurationIsVisible = 0;
			defaultConfigurationName = Release;
		};
		BE682F5A288C31010096346F /* Build configuration list for PBXProject "Biscuit" */ = {
			isa = XCConfigurationList;
			buildConfigurations = (
				BE682F6C288C31020096346F /* Debug */,
				BE682F6D288C31020096346F /* Release */,
			);
			defaultConfigurationIsVisible = 0;
			defaultConfigurationName = Release;
		};
		BE682F6E288C31020096346F /* Build configuration list for PBXNativeTarget "Biscuit" */ = {
			isa = XCConfigurationList;
			buildConfigurations = (
				BE682F6F288C31020096346F /* Debug */,
				BE682F70288C31020096346F /* Release */,
			);
			defaultConfigurationIsVisible = 0;
			defaultConfigurationName = Release;
		};
/* End XCConfigurationList section */

/* Begin XCRemoteSwiftPackageReference section */
		BE32D64128A1E26300EADEF7 /* XCRemoteSwiftPackageReference "Factory" */ = {
			isa = XCRemoteSwiftPackageReference;
			repositoryURL = "https://github.com/hmlongco/Factory";
			requirement = {
				kind = exactVersion;
				version = 1.2.8;
			};
		};
		BE5C9EB12899FD1F00F84DE7 /* XCRemoteSwiftPackageReference "Factory" */ = {
			isa = XCRemoteSwiftPackageReference;
			repositoryURL = "https://github.com/hmlongco/Factory";
			requirement = {
				kind = upToNextMajorVersion;
				minimumVersion = 1.0.0;
			};
		};
		BE9B216729330FC100D1BCDD /* XCRemoteSwiftPackageReference "ZIPFoundation" */ = {
			isa = XCRemoteSwiftPackageReference;
			repositoryURL = "https://github.com/weichsel/ZIPFoundation.git";
			requirement = {
				kind = upToNextMajorVersion;
				minimumVersion = 0.9.9;
			};
		};
		BEC9507728F8C42600809C05 /* XCRemoteSwiftPackageReference "Highlight" */ = {
			isa = XCRemoteSwiftPackageReference;
			repositoryURL = "git@github.com:nkristek/Highlight.git";
			requirement = {
				kind = upToNextMajorVersion;
				minimumVersion = 0.4.0;
			};
		};
		BECCCB9628A2024A00BD65BB /* XCRemoteSwiftPackageReference "SwiftyMocky" */ = {
			isa = XCRemoteSwiftPackageReference;
			repositoryURL = "https://github.com/MakeAWishFoundation/SwiftyMocky";
			requirement = {
				branch = master;
				kind = branch;
			};
		};
/* End XCRemoteSwiftPackageReference section */

/* Begin XCSwiftPackageProductDependency section */
		BE32D64228A1E26300EADEF7 /* Factory */ = {
			isa = XCSwiftPackageProductDependency;
			package = BE32D64128A1E26300EADEF7 /* XCRemoteSwiftPackageReference "Factory" */;
			productName = Factory;
		};
		BE32D64728A1E51F00EADEF7 /* Factory */ = {
			isa = XCSwiftPackageProductDependency;
			package = BE5C9EB12899FD1F00F84DE7 /* XCRemoteSwiftPackageReference "Factory" */;
			productName = Factory;
		};
		BE9B216829330FC100D1BCDD /* ZIPFoundation */ = {
			isa = XCSwiftPackageProductDependency;
			package = BE9B216729330FC100D1BCDD /* XCRemoteSwiftPackageReference "ZIPFoundation" */;
			productName = ZIPFoundation;
		};
		BEC9507828F8C42700809C05 /* Highlight */ = {
			isa = XCSwiftPackageProductDependency;
			package = BEC9507728F8C42600809C05 /* XCRemoteSwiftPackageReference "Highlight" */;
			productName = Highlight;
		};
		BECCCB9728A2024A00BD65BB /* SwiftyMocky */ = {
			isa = XCSwiftPackageProductDependency;
			package = BECCCB9628A2024A00BD65BB /* XCRemoteSwiftPackageReference "SwiftyMocky" */;
			productName = SwiftyMocky;
		};
/* End XCSwiftPackageProductDependency section */
	};
	rootObject = BE682F57288C31010096346F /* Project object */;
}
