// !$*UTF8*$!
{
	archiveVersion = 1;
	classes = {
	};
	objectVersion = 55;
	objects = {

/* Begin PBXBuildFile section */
		BEED2A8A28A5B32D00EE1E5D /* AppActions.swift in Sources */ = {isa = PBXBuildFile; fileRef = BEED2A8928A5B32D00EE1E5D /* AppActions.swift */; };
		BE7B42F028BAFCD200DB8529 /* AppController.swift in Sources */ = {isa = PBXBuildFile; fileRef = BE7B42EF28BAFCD200DB8529 /* AppController.swift */; };
		BE682F72288C311A0096346F /* AppDelegate.swift in Sources */ = {isa = PBXBuildFile; fileRef = BE682F71288C311A0096346F /* AppDelegate.swift */; };
		BEED2A9828A5BD1A00EE1E5D /* AppError+UI.swift in Sources */ = {isa = PBXBuildFile; fileRef = BEED2A9728A5BD1A00EE1E5D /* AppError+UI.swift */; };
		BEED2A9028A5B3D500EE1E5D /* AppError.swift in Sources */ = {isa = PBXBuildFile; fileRef = BEED2A8F28A5B3D500EE1E5D /* AppError.swift */; };
		BEED2A8C28A5B33500EE1E5D /* AppState.swift in Sources */ = {isa = PBXBuildFile; fileRef = BEED2A8B28A5B33500EE1E5D /* AppState.swift */; };
		BEED2A8E28A5B34300EE1E5D /* AppStore.swift in Sources */ = {isa = PBXBuildFile; fileRef = BEED2A8D28A5B34300EE1E5D /* AppStore.swift */; };
		BE5C9EAE2899F3D000F84DE7 /* Assembly.swift in Sources */ = {isa = PBXBuildFile; fileRef = BE5C9EAD2899F3D000F84DE7 /* Assembly.swift */; };
		BE682F67288C31020096346F /* Assets.xcassets in Resources */ = {isa = PBXBuildFile; fileRef = BE682F66288C31020096346F /* Assets.xcassets */; };
		BECCCB9228A2002A00BD65BB /* AutoMockable.swift in Sources */ = {isa = PBXBuildFile; fileRef = BECCCB9128A2002A00BD65BB /* AutoMockable.swift */; };
		BE682F95288CBB300096346F /* BagelConfig.swift in Sources */ = {isa = PBXBuildFile; fileRef = BE682F94288CBB300096346F /* BagelConfig.swift */; };
		BE682F87288C99650096346F /* BagelDeviceModel.swift in Sources */ = {isa = PBXBuildFile; fileRef = BE682F86288C99650096346F /* BagelDeviceModel.swift */; };
		BE682F81288C98FD0096346F /* BagelPacket.swift in Sources */ = {isa = PBXBuildFile; fileRef = BE682F80288C98FD0096346F /* BagelPacket.swift */; };
		BE27F8F0288F35E30042F376 /* BagelPacketParser.swift in Sources */ = {isa = PBXBuildFile; fileRef = BE27F8EF288F35E30042F376 /* BagelPacketParser.swift */; };
		BE682F85288C992D0096346F /* BagelProjectModel.swift in Sources */ = {isa = PBXBuildFile; fileRef = BE682F84288C992D0096346F /* BagelProjectModel.swift */; };
		BE682F83288C99160096346F /* BagelRequestInfo.swift in Sources */ = {isa = PBXBuildFile; fileRef = BE682F82288C99160096346F /* BagelRequestInfo.swift */; };
		BEED2A9228A5B45B00EE1E5D /* BaseStore.swift in Sources */ = {isa = PBXBuildFile; fileRef = BEED2A9128A5B45B00EE1E5D /* BaseStore.swift */; };
		BE9001AF28B0FC00000B7C0E /* Biscuit+Hashable.swift in Sources */ = {isa = PBXBuildFile; fileRef = BE9001AE28B0FC00000B7C0E /* Biscuit+Hashable.swift */; };
		BE682F63288C31010096346F /* BiscuitApp.swift in Sources */ = {isa = PBXBuildFile; fileRef = BE682F62288C31010096346F /* BiscuitApp.swift */; };
		BE32D5B128A1C44A00EADEF7 /* BiscuitCore.swift in Sources */ = {isa = PBXBuildFile; fileRef = BE32D5B028A1C44A00EADEF7 /* BiscuitCore.swift */; };
		BECCCB9528A2011B00BD65BB /* BiscuitTests.generated.swift in Sources */ = {isa = PBXBuildFile; fileRef = BECCCB9428A2011B00BD65BB /* BiscuitTests.generated.swift */; };
		BE5443D528E911AB00DD9DCB /* BlurView.swift in Sources */ = {isa = PBXBuildFile; fileRef = BE5443D428E911AB00DD9DCB /* BlurView.swift */; };
		BE04CEA028B847FE0057F82A /* Callbacks.swift in Sources */ = {isa = PBXBuildFile; fileRef = BE04CE9F28B847FE0057F82A /* Callbacks.swift */; };
		BE04CE9228B82AB80057F82A /* Client.swift in Sources */ = {isa = PBXBuildFile; fileRef = BE04CE9128B82AB80057F82A /* Client.swift */; };
		BE9001B428B2D9F9000B7C0E /* ClientConnectedUseCase.swift in Sources */ = {isa = PBXBuildFile; fileRef = BE9001B328B2D9F9000B7C0E /* ClientConnectedUseCase.swift */; };
		BE9001B628B2DA03000B7C0E /* ClientConnectedUseCaseInterface.swift in Sources */ = {isa = PBXBuildFile; fileRef = BE9001B528B2DA03000B7C0E /* ClientConnectedUseCaseInterface.swift */; };
		BE04CE9428B82D6F0057F82A /* ClientDisconnectedUseCase.swift in Sources */ = {isa = PBXBuildFile; fileRef = BE04CE9328B82D6F0057F82A /* ClientDisconnectedUseCase.swift */; };
		BE04CE9628B82D7D0057F82A /* ClientDisconnectedUseCaseInterface.swift in Sources */ = {isa = PBXBuildFile; fileRef = BE04CE9528B82D7D0057F82A /* ClientDisconnectedUseCaseInterface.swift */; };
		BEDF9B8C28DBCE4600D45A79 /* Collection+Utils.swift in Sources */ = {isa = PBXBuildFile; fileRef = BEDF9B8B28DBCE4600D45A79 /* Collection+Utils.swift */; };
		BEF7BD8B28A847B8002E825A /* Colors.swift in Sources */ = {isa = PBXBuildFile; fileRef = BEF7BD8A28A847B8002E825A /* Colors.swift */; };
		BEF7BD8D28A847D1002E825A /* Colors.xcassets in Resources */ = {isa = PBXBuildFile; fileRef = BEF7BD8C28A847D1002E825A /* Colors.xcassets */; };
		BE682F93288CBADF0096346F /* Connector.swift in Sources */ = {isa = PBXBuildFile; fileRef = BE682F92288CBADF0096346F /* Connector.swift */; };
		BE27F8FE288F48C40042F376 /* Data+Utils.swift in Sources */ = {isa = PBXBuildFile; fileRef = BE27F8FD288F48C40042F376 /* Data+Utils.swift */; };
		BE6F8125289DD99B00D28F49 /* DefaultInitializer.swift in Sources */ = {isa = PBXBuildFile; fileRef = BE6F8124289DD99B00D28F49 /* DefaultInitializer.swift */; };
		BE9001B228B159D7000B7C0E /* DescriptionUtils.swift in Sources */ = {isa = PBXBuildFile; fileRef = BE9001B128B159D7000B7C0E /* DescriptionUtils.swift */; };
		BE9001A328B0F3FA000B7C0E /* Device.swift in Sources */ = {isa = PBXBuildFile; fileRef = BE9001A228B0F3FA000B7C0E /* Device.swift */; };
		BE27F906288F52080042F376 /* DeviceDescriptor.swift in Sources */ = {isa = PBXBuildFile; fileRef = BE27F905288F52080042F376 /* DeviceDescriptor.swift */; };
		BE32D68828A1EDC300EADEF7 /* DispatcherTests.swift in Sources */ = {isa = PBXBuildFile; fileRef = BE32D68728A1EDC300EADEF7 /* DispatcherTests.swift */; };
		BE9AA93328DFCCBC0030F0B3 /* DomainModel+Color.swift in Sources */ = {isa = PBXBuildFile; fileRef = BE9AA93228DFCCBC0030F0B3 /* DomainModel+Color.swift */; };
		BE32D64328A1E26300EADEF7 /* Factory in Frameworks */ = {isa = PBXBuildFile; productRef = BE32D64228A1E26300EADEF7 /* Factory */; };
		BE32D5B328A1C62F00EADEF7 /* Factory+Extension.swift in Sources */ = {isa = PBXBuildFile; fileRef = BE32D5B228A1C62F00EADEF7 /* Factory+Extension.swift */; };
		BEAC289428D7A9CB00B1F4B6 /* Filter.swift in Sources */ = {isa = PBXBuildFile; fileRef = BEAC289328D7A9CB00B1F4B6 /* Filter.swift */; };
		BE682F7A288C96630096346F /* FluxAction.swift in Sources */ = {isa = PBXBuildFile; fileRef = BE682F79288C96630096346F /* FluxAction.swift */; };
		BE682F78288C964F0096346F /* FluxDispatcher.swift in Sources */ = {isa = PBXBuildFile; fileRef = BE682F77288C964F0096346F /* FluxDispatcher.swift */; };
		BE5C9EB5289A025E00F84DE7 /* FluxState.swift in Sources */ = {isa = PBXBuildFile; fileRef = BE5C9EB4289A025E00F84DE7 /* FluxState.swift */; };
		BE682F7C288C96780096346F /* FluxStore.swift in Sources */ = {isa = PBXBuildFile; fileRef = BE682F7B288C96780096346F /* FluxStore.swift */; };
		BE04CE9828B834350057F82A /* HeaderView.swift in Sources */ = {isa = PBXBuildFile; fileRef = BE04CE9728B834350057F82A /* HeaderView.swift */; };
		BE44C45228C4117F00791897 /* HeaderViewController.swift in Sources */ = {isa = PBXBuildFile; fileRef = BE44C45128C4117F00791897 /* HeaderViewController.swift */; };
		BE92891F28D787BD0008E116 /* HeaderViewDataProvider.swift in Sources */ = {isa = PBXBuildFile; fileRef = BE92891E28D787BD0008E116 /* HeaderViewDataProvider.swift */; };
		BE92892128D78B220008E116 /* HeaderViewDomain.swift in Sources */ = {isa = PBXBuildFile; fileRef = BE92892028D78B220008E116 /* HeaderViewDomain.swift */; };
		BE92891D28D785BE0008E116 /* HeaderViewEventHandler.swift in Sources */ = {isa = PBXBuildFile; fileRef = BE92891C28D785BD0008E116 /* HeaderViewEventHandler.swift */; };
		BEF65ACD28E3B672001543F6 /* HeaderViewPreviews+Mock.swift in Sources */ = {isa = PBXBuildFile; fileRef = BEF65ACC28E3B672001543F6 /* HeaderViewPreviews+Mock.swift */; };
		BE9001A928B0F999000B7C0E /* IncomingPacket.swift in Sources */ = {isa = PBXBuildFile; fileRef = BE9001A828B0F999000B7C0E /* IncomingPacket.swift */; };
		BEF6A00028DFB44A00B3ECBB /* InvalidPacket.swift in Sources */ = {isa = PBXBuildFile; fileRef = BEF69FFF28DFB44A00B3ECBB /* InvalidPacket.swift */; };
		BE9001BC28B2F87D000B7C0E /* LogView.swift in Sources */ = {isa = PBXBuildFile; fileRef = BE9001BB28B2F87D000B7C0E /* LogView.swift */; };
		BE69393728CEB1C8007D4E3C /* LogViewController.swift in Sources */ = {isa = PBXBuildFile; fileRef = BE69393628CEB1C8007D4E3C /* LogViewController.swift */; };
		BE92892728D792FA0008E116 /* LogViewDataProvider.swift in Sources */ = {isa = PBXBuildFile; fileRef = BE92892628D792FA0008E116 /* LogViewDataProvider.swift */; };
		BE92892528D792E80008E116 /* LogViewDomain.swift in Sources */ = {isa = PBXBuildFile; fileRef = BE92892428D792E80008E116 /* LogViewDomain.swift */; };
		BE92892328D792DD0008E116 /* LogViewEventHandler.swift in Sources */ = {isa = PBXBuildFile; fileRef = BE92892228D792DD0008E116 /* LogViewEventHandler.swift */; };
		BEF65ACA28E3B465001543F6 /* LogViewPreviews+Mock.swift in Sources */ = {isa = PBXBuildFile; fileRef = BEF65AC928E3B465001543F6 /* LogViewPreviews+Mock.swift */; };
		BE6F811F289DD68B00D28F49 /* MainDispatcher.swift in Sources */ = {isa = PBXBuildFile; fileRef = BE6F811E289DD68B00D28F49 /* MainDispatcher.swift */; };
		BE682F65288C31010096346F /* MainWindow.swift in Sources */ = {isa = PBXBuildFile; fileRef = BE682F64288C31010096346F /* MainWindow.swift */; };
		BE32D68628A1E8D900EADEF7 /* MyTests.swift in Sources */ = {isa = PBXBuildFile; fileRef = BE32D68528A1E8D900EADEF7 /* MyTests.swift */; };
		BE682F97288CC15C0096346F /* NetworkConnection.swift in Sources */ = {isa = PBXBuildFile; fileRef = BE682F96288CC15C0096346F /* NetworkConnection.swift */; };
		BE5443D328E9097C00DD9DCB /* Overview.swift in Sources */ = {isa = PBXBuildFile; fileRef = BE5443D228E9097C00DD9DCB /* Overview.swift */; };
		BE90019D28B0F29C000B7C0E /* Packet.swift in Sources */ = {isa = PBXBuildFile; fileRef = BE90019C28B0F29C000B7C0E /* Packet.swift */; };
		BE90019328B0F242000B7C0E /* PacketActions.swift in Sources */ = {isa = PBXBuildFile; fileRef = BE90019228B0F242000B7C0E /* PacketActions.swift */; };
		BE9001AB28B0F9F7000B7C0E /* PacketParser.swift in Sources */ = {isa = PBXBuildFile; fileRef = BE9001AA28B0F9F7000B7C0E /* PacketParser.swift */; };
		BE90019528B0F24A000B7C0E /* PacketState.swift in Sources */ = {isa = PBXBuildFile; fileRef = BE90019428B0F24A000B7C0E /* PacketState.swift */; };
		BE90019728B0F257000B7C0E /* PacketStore.swift in Sources */ = {isa = PBXBuildFile; fileRef = BE90019628B0F257000B7C0E /* PacketStore.swift */; };
		BEE7190A28BC172C000F147B /* PacketTableRow.swift in Sources */ = {isa = PBXBuildFile; fileRef = BEE7190928BC172C000F147B /* PacketTableRow.swift */; };
		BEF65AC728E3B0D4001543F6 /* PacketView.swift in Sources */ = {isa = PBXBuildFile; fileRef = BEF65AC628E3B0D4001543F6 /* PacketView.swift */; };
		BEF65AD628E3BEF4001543F6 /* PacketViewController.swift in Sources */ = {isa = PBXBuildFile; fileRef = BEF65AD528E3BEF4001543F6 /* PacketViewController.swift */; };
		BEF65AD828E3BF05001543F6 /* PacketViewDataProvider.swift in Sources */ = {isa = PBXBuildFile; fileRef = BEF65AD728E3BF05001543F6 /* PacketViewDataProvider.swift */; };
		BEF65AD028E3B807001543F6 /* PacketViewDomain.swift in Sources */ = {isa = PBXBuildFile; fileRef = BEF65ACF28E3B807001543F6 /* PacketViewDomain.swift */; };
		BEF65AD228E3B85C001543F6 /* PacketViewEventHandler.swift in Sources */ = {isa = PBXBuildFile; fileRef = BEF65AD128E3B85C001543F6 /* PacketViewEventHandler.swift */; };
		BEF65AD428E3B87F001543F6 /* PacketViewPreviews+Mock.swift in Sources */ = {isa = PBXBuildFile; fileRef = BEF65AD328E3B87F001543F6 /* PacketViewPreviews+Mock.swift */; };
		BE59915828CD1780008BA5CF /* Peaker.swift in Sources */ = {isa = PBXBuildFile; fileRef = BE59915728CD1780008BA5CF /* Peaker.swift */; };
		BEED2A9428A5BB2900EE1E5D /* PostAppErrorUseCase.swift in Sources */ = {isa = PBXBuildFile; fileRef = BEED2A9328A5BB2900EE1E5D /* PostAppErrorUseCase.swift */; };
		BEED2A9628A5BB3500EE1E5D /* PostAppErrorUseCaseInterface.swift in Sources */ = {isa = PBXBuildFile; fileRef = BEED2A9528A5BB3500EE1E5D /* PostAppErrorUseCaseInterface.swift */; };
		BEF69FFC28DFB3AA00B3ECBB /* PostInvalidPacketUseCase.swift in Sources */ = {isa = PBXBuildFile; fileRef = BEF69FFB28DFB3AA00B3ECBB /* PostInvalidPacketUseCase.swift */; };
		BEF69FFE28DFB3BD00B3ECBB /* PostInvalidPacketUseCaseInterface.swift in Sources */ = {isa = PBXBuildFile; fileRef = BEF69FFD28DFB3BD00B3ECBB /* PostInvalidPacketUseCaseInterface.swift */; };
		BE682F6A288C31020096346F /* Preview Assets.xcassets in Resources */ = {isa = PBXBuildFile; fileRef = BE682F69288C31020096346F /* Preview Assets.xcassets */; };
		BE9001A128B0F38B000B7C0E /* Project.swift in Sources */ = {isa = PBXBuildFile; fileRef = BE9001A028B0F38B000B7C0E /* Project.swift */; };
		BEC25AED2899DE890083E5B5 /* ProjectDescriptor.swift in Sources */ = {isa = PBXBuildFile; fileRef = BEC25AEC2899DE890083E5B5 /* ProjectDescriptor.swift */; };
		BE27F908288F54290042F376 /* Request.swift in Sources */ = {isa = PBXBuildFile; fileRef = BE27F907288F54290042F376 /* Request.swift */; };
		BE27F904288F4C140042F376 /* RequestMethod.swift in Sources */ = {isa = PBXBuildFile; fileRef = BE27F903288F4C140042F376 /* RequestMethod.swift */; };
		BE5443CE28E908CC00DD9DCB /* RequestView.swift in Sources */ = {isa = PBXBuildFile; fileRef = BE5443CD28E908CC00DD9DCB /* RequestView.swift */; };
		BE27F90A288F54300042F376 /* Response.swift in Sources */ = {isa = PBXBuildFile; fileRef = BE27F909288F54300042F376 /* Response.swift */; };
		BE5443D028E908D600DD9DCB /* ResponseView.swift in Sources */ = {isa = PBXBuildFile; fileRef = BE5443CF28E908D600DD9DCB /* ResponseView.swift */; };
		BE9001C028B2F8CD000B7C0E /* SampleButton.swift in Sources */ = {isa = PBXBuildFile; fileRef = BE9001BF28B2F8CD000B7C0E /* SampleButton.swift */; };
		BE88A63528E0C15800406E79 /* SelectPacketsUseCase.swift in Sources */ = {isa = PBXBuildFile; fileRef = BE88A63428E0C15800406E79 /* SelectPacketsUseCase.swift */; };
		BE88A63728E0C16A00406E79 /* SelectPacketsUseCaseInterface.swift in Sources */ = {isa = PBXBuildFile; fileRef = BE88A63628E0C16A00406E79 /* SelectPacketsUseCaseInterface.swift */; };
		BE6CD46C28F227960064C777 /* SmallActionButton.swift in Sources */ = {isa = PBXBuildFile; fileRef = BE6CD46B28F227960064C777 /* SmallActionButton.swift */; };
		BE44C44C28C40BFB00791897 /* StandardPicker.swift in Sources */ = {isa = PBXBuildFile; fileRef = BE44C44B28C40BFB00791897 /* StandardPicker.swift */; };
		BEEE4D1F28B42AB700402219 /* Status.swift in Sources */ = {isa = PBXBuildFile; fileRef = BEEE4D1E28B42AB700402219 /* Status.swift */; };
		BE88A63128DFD39800406E79 /* StatusCode.swift in Sources */ = {isa = PBXBuildFile; fileRef = BE88A63028DFD39800406E79 /* StatusCode.swift */; };
		BE90019928B0F26C000B7C0E /* StorePacketUseCase.swift in Sources */ = {isa = PBXBuildFile; fileRef = BE90019828B0F26C000B7C0E /* StorePacketUseCase.swift */; };
		BE90019B28B0F276000B7C0E /* StorePacketUseCaseInterface.swift in Sources */ = {isa = PBXBuildFile; fileRef = BE90019A28B0F276000B7C0E /* StorePacketUseCaseInterface.swift */; };
		BE27F8F3288F367B0042F376 /* String+Utils.swift in Sources */ = {isa = PBXBuildFile; fileRef = BE27F8F2288F367B0042F376 /* String+Utils.swift */; };
		BECCCB9828A2024A00BD65BB /* SwiftyMocky in Frameworks */ = {isa = PBXBuildFile; productRef = BECCCB9728A2024A00BD65BB /* SwiftyMocky */; };
		BEAC289628D7AB0A00B1F4B6 /* UpdateFilterUseCase.swift in Sources */ = {isa = PBXBuildFile; fileRef = BEAC289528D7AB0A00B1F4B6 /* UpdateFilterUseCase.swift */; };
		BEAC289828D7AB3800B1F4B6 /* UpdateFilterUseCaseInterface.swift in Sources */ = {isa = PBXBuildFile; fileRef = BEAC289728D7AB3800B1F4B6 /* UpdateFilterUseCaseInterface.swift */; };
/* End PBXBuildFile section */

/* Begin PBXContainerItemProxy section */
		BE32D68328A1E6E300EADEF7 /* PBXContainerItemProxy */ = {
			isa = PBXContainerItemProxy;
			containerPortal = BE682F57288C31010096346F /* Project object */;
			proxyType = 1;
			remoteGlobalIDString = BE682F5E288C31010096346F;
			remoteInfo = Biscuit;
		};
/* End PBXContainerItemProxy section */

/* Begin PBXFileReference section */
		BEED2A8928A5B32D00EE1E5D /* AppActions.swift */ = {isa = PBXFileReference; lastKnownFileType = sourcecode.swift; path = AppActions.swift; sourceTree = "<group>"; };
		BE7B42EF28BAFCD200DB8529 /* AppController.swift */ = {isa = PBXFileReference; lastKnownFileType = sourcecode.swift; path = AppController.swift; sourceTree = "<group>"; };
		BE682F71288C311A0096346F /* AppDelegate.swift */ = {isa = PBXFileReference; lastKnownFileType = sourcecode.swift; path = AppDelegate.swift; sourceTree = "<group>"; };
		BEED2A9728A5BD1A00EE1E5D /* AppError+UI.swift */ = {isa = PBXFileReference; lastKnownFileType = sourcecode.swift; path = "AppError+UI.swift"; sourceTree = "<group>"; };
		BEED2A8F28A5B3D500EE1E5D /* AppError.swift */ = {isa = PBXFileReference; lastKnownFileType = sourcecode.swift; path = AppError.swift; sourceTree = "<group>"; };
		BEED2A8B28A5B33500EE1E5D /* AppState.swift */ = {isa = PBXFileReference; lastKnownFileType = sourcecode.swift; path = AppState.swift; sourceTree = "<group>"; };
		BEED2A8D28A5B34300EE1E5D /* AppStore.swift */ = {isa = PBXFileReference; lastKnownFileType = sourcecode.swift; path = AppStore.swift; sourceTree = "<group>"; };
		BE5C9EAD2899F3D000F84DE7 /* Assembly.swift */ = {isa = PBXFileReference; lastKnownFileType = sourcecode.swift; path = Assembly.swift; sourceTree = "<group>"; };
		BE682F66288C31020096346F /* Assets.xcassets */ = {isa = PBXFileReference; lastKnownFileType = folder.assetcatalog; path = Assets.xcassets; sourceTree = "<group>"; };
		BECCCB9128A2002A00BD65BB /* AutoMockable.swift */ = {isa = PBXFileReference; lastKnownFileType = sourcecode.swift; path = AutoMockable.swift; sourceTree = "<group>"; };
		BE682F94288CBB300096346F /* BagelConfig.swift */ = {isa = PBXFileReference; lastKnownFileType = sourcecode.swift; path = BagelConfig.swift; sourceTree = "<group>"; };
		BE682F86288C99650096346F /* BagelDeviceModel.swift */ = {isa = PBXFileReference; lastKnownFileType = sourcecode.swift; path = BagelDeviceModel.swift; sourceTree = "<group>"; };
		BE682F80288C98FD0096346F /* BagelPacket.swift */ = {isa = PBXFileReference; lastKnownFileType = sourcecode.swift; path = BagelPacket.swift; sourceTree = "<group>"; };
		BE27F8EF288F35E30042F376 /* BagelPacketParser.swift */ = {isa = PBXFileReference; lastKnownFileType = sourcecode.swift; path = BagelPacketParser.swift; sourceTree = "<group>"; };
		BE682F84288C992D0096346F /* BagelProjectModel.swift */ = {isa = PBXFileReference; lastKnownFileType = sourcecode.swift; path = BagelProjectModel.swift; sourceTree = "<group>"; };
		BE682F82288C99160096346F /* BagelRequestInfo.swift */ = {isa = PBXFileReference; lastKnownFileType = sourcecode.swift; path = BagelRequestInfo.swift; sourceTree = "<group>"; };
		BEED2A9128A5B45B00EE1E5D /* BaseStore.swift */ = {isa = PBXFileReference; lastKnownFileType = sourcecode.swift; path = BaseStore.swift; sourceTree = "<group>"; };
		BE9001AE28B0FC00000B7C0E /* Biscuit+Hashable.swift */ = {isa = PBXFileReference; lastKnownFileType = sourcecode.swift; path = "Biscuit+Hashable.swift"; sourceTree = "<group>"; };
		BE682F5F288C31010096346F /* Biscuit.app */ = {isa = PBXFileReference; explicitFileType = wrapper.application; includeInIndex = 0; path = Biscuit.app; sourceTree = BUILT_PRODUCTS_DIR; };
		BE682F6B288C31020096346F /* Biscuit.entitlements */ = {isa = PBXFileReference; lastKnownFileType = text.plist.entitlements; path = Biscuit.entitlements; sourceTree = "<group>"; };
		BE682F62288C31010096346F /* BiscuitApp.swift */ = {isa = PBXFileReference; lastKnownFileType = sourcecode.swift; path = BiscuitApp.swift; sourceTree = "<group>"; };
		BE32D5B028A1C44A00EADEF7 /* BiscuitCore.swift */ = {isa = PBXFileReference; lastKnownFileType = sourcecode.swift; path = BiscuitCore.swift; sourceTree = "<group>"; };
		BECCCB9428A2011B00BD65BB /* BiscuitTests.generated.swift */ = {isa = PBXFileReference; fileEncoding = 4; lastKnownFileType = sourcecode.swift; path = BiscuitTests.generated.swift; sourceTree = "<group>"; };
		BE32D63328A1E0E500EADEF7 /* BiscuitTests.xctest */ = {isa = PBXFileReference; explicitFileType = wrapper.cfbundle; includeInIndex = 0; path = BiscuitTests.xctest; sourceTree = BUILT_PRODUCTS_DIR; };
		BE5443D428E911AB00DD9DCB /* BlurView.swift */ = {isa = PBXFileReference; lastKnownFileType = sourcecode.swift; path = BlurView.swift; sourceTree = "<group>"; };
		BE04CE9F28B847FE0057F82A /* Callbacks.swift */ = {isa = PBXFileReference; lastKnownFileType = sourcecode.swift; path = Callbacks.swift; sourceTree = "<group>"; };
		BE04CE9128B82AB80057F82A /* Client.swift */ = {isa = PBXFileReference; lastKnownFileType = sourcecode.swift; path = Client.swift; sourceTree = "<group>"; };
		BE9001B328B2D9F9000B7C0E /* ClientConnectedUseCase.swift */ = {isa = PBXFileReference; lastKnownFileType = sourcecode.swift; path = ClientConnectedUseCase.swift; sourceTree = "<group>"; };
		BE9001B528B2DA03000B7C0E /* ClientConnectedUseCaseInterface.swift */ = {isa = PBXFileReference; lastKnownFileType = sourcecode.swift; path = ClientConnectedUseCaseInterface.swift; sourceTree = "<group>"; };
		BE04CE9328B82D6F0057F82A /* ClientDisconnectedUseCase.swift */ = {isa = PBXFileReference; lastKnownFileType = sourcecode.swift; path = ClientDisconnectedUseCase.swift; sourceTree = "<group>"; };
		BE04CE9528B82D7D0057F82A /* ClientDisconnectedUseCaseInterface.swift */ = {isa = PBXFileReference; lastKnownFileType = sourcecode.swift; path = ClientDisconnectedUseCaseInterface.swift; sourceTree = "<group>"; };
		BEDF9B8B28DBCE4600D45A79 /* Collection+Utils.swift */ = {isa = PBXFileReference; lastKnownFileType = sourcecode.swift; path = "Collection+Utils.swift"; sourceTree = "<group>"; };
		BEF7BD8A28A847B8002E825A /* Colors.swift */ = {isa = PBXFileReference; lastKnownFileType = sourcecode.swift; path = Colors.swift; sourceTree = "<group>"; };
		BEF7BD8C28A847D1002E825A /* Colors.xcassets */ = {isa = PBXFileReference; lastKnownFileType = folder.assetcatalog; path = Colors.xcassets; sourceTree = "<group>"; };
		BE682F92288CBADF0096346F /* Connector.swift */ = {isa = PBXFileReference; lastKnownFileType = sourcecode.swift; path = Connector.swift; sourceTree = "<group>"; };
		BE27F8FD288F48C40042F376 /* Data+Utils.swift */ = {isa = PBXFileReference; lastKnownFileType = sourcecode.swift; path = "Data+Utils.swift"; sourceTree = "<group>"; };
		BE6F8124289DD99B00D28F49 /* DefaultInitializer.swift */ = {isa = PBXFileReference; lastKnownFileType = sourcecode.swift; path = DefaultInitializer.swift; sourceTree = "<group>"; };
		BE9001B128B159D7000B7C0E /* DescriptionUtils.swift */ = {isa = PBXFileReference; lastKnownFileType = sourcecode.swift; path = DescriptionUtils.swift; sourceTree = "<group>"; };
		BE9001A228B0F3FA000B7C0E /* Device.swift */ = {isa = PBXFileReference; lastKnownFileType = sourcecode.swift; path = Device.swift; sourceTree = "<group>"; };
		BE27F905288F52080042F376 /* DeviceDescriptor.swift */ = {isa = PBXFileReference; lastKnownFileType = sourcecode.swift; path = DeviceDescriptor.swift; sourceTree = "<group>"; };
		BE32D68728A1EDC300EADEF7 /* DispatcherTests.swift */ = {isa = PBXFileReference; lastKnownFileType = sourcecode.swift; path = DispatcherTests.swift; sourceTree = "<group>"; };
		BE9AA93228DFCCBC0030F0B3 /* DomainModel+Color.swift */ = {isa = PBXFileReference; lastKnownFileType = sourcecode.swift; path = "DomainModel+Color.swift"; sourceTree = "<group>"; };
		BE32D5B228A1C62F00EADEF7 /* Factory+Extension.swift */ = {isa = PBXFileReference; lastKnownFileType = sourcecode.swift; path = "Factory+Extension.swift"; sourceTree = "<group>"; };
		BEAC289328D7A9CB00B1F4B6 /* Filter.swift */ = {isa = PBXFileReference; lastKnownFileType = sourcecode.swift; path = Filter.swift; sourceTree = "<group>"; };
		BE682F79288C96630096346F /* FluxAction.swift */ = {isa = PBXFileReference; lastKnownFileType = sourcecode.swift; path = FluxAction.swift; sourceTree = "<group>"; };
		BE682F77288C964F0096346F /* FluxDispatcher.swift */ = {isa = PBXFileReference; lastKnownFileType = sourcecode.swift; path = FluxDispatcher.swift; sourceTree = "<group>"; };
		BE5C9EB4289A025E00F84DE7 /* FluxState.swift */ = {isa = PBXFileReference; lastKnownFileType = sourcecode.swift; path = FluxState.swift; sourceTree = "<group>"; };
		BE682F7B288C96780096346F /* FluxStore.swift */ = {isa = PBXFileReference; lastKnownFileType = sourcecode.swift; path = FluxStore.swift; sourceTree = "<group>"; };
		BE04CE9728B834350057F82A /* HeaderView.swift */ = {isa = PBXFileReference; lastKnownFileType = sourcecode.swift; path = HeaderView.swift; sourceTree = "<group>"; };
		BE44C45128C4117F00791897 /* HeaderViewController.swift */ = {isa = PBXFileReference; lastKnownFileType = sourcecode.swift; path = HeaderViewController.swift; sourceTree = "<group>"; };
		BE92891E28D787BD0008E116 /* HeaderViewDataProvider.swift */ = {isa = PBXFileReference; lastKnownFileType = sourcecode.swift; path = HeaderViewDataProvider.swift; sourceTree = "<group>"; };
		BE92892028D78B220008E116 /* HeaderViewDomain.swift */ = {isa = PBXFileReference; lastKnownFileType = sourcecode.swift; path = HeaderViewDomain.swift; sourceTree = "<group>"; };
		BE92891C28D785BD0008E116 /* HeaderViewEventHandler.swift */ = {isa = PBXFileReference; lastKnownFileType = sourcecode.swift; path = HeaderViewEventHandler.swift; sourceTree = "<group>"; };
		BEF65ACC28E3B672001543F6 /* HeaderViewPreviews+Mock.swift */ = {isa = PBXFileReference; lastKnownFileType = sourcecode.swift; path = "HeaderViewPreviews+Mock.swift"; sourceTree = "<group>"; };
		BE9001A828B0F999000B7C0E /* IncomingPacket.swift */ = {isa = PBXFileReference; lastKnownFileType = sourcecode.swift; path = IncomingPacket.swift; sourceTree = "<group>"; };
		BEF69FFF28DFB44A00B3ECBB /* InvalidPacket.swift */ = {isa = PBXFileReference; lastKnownFileType = sourcecode.swift; path = InvalidPacket.swift; sourceTree = "<group>"; };
		BE9001BB28B2F87D000B7C0E /* LogView.swift */ = {isa = PBXFileReference; lastKnownFileType = sourcecode.swift; path = LogView.swift; sourceTree = "<group>"; };
		BE69393628CEB1C8007D4E3C /* LogViewController.swift */ = {isa = PBXFileReference; lastKnownFileType = sourcecode.swift; path = LogViewController.swift; sourceTree = "<group>"; };
		BE92892628D792FA0008E116 /* LogViewDataProvider.swift */ = {isa = PBXFileReference; lastKnownFileType = sourcecode.swift; path = LogViewDataProvider.swift; sourceTree = "<group>"; };
		BE92892428D792E80008E116 /* LogViewDomain.swift */ = {isa = PBXFileReference; lastKnownFileType = sourcecode.swift; path = LogViewDomain.swift; sourceTree = "<group>"; };
		BE92892228D792DD0008E116 /* LogViewEventHandler.swift */ = {isa = PBXFileReference; lastKnownFileType = sourcecode.swift; path = LogViewEventHandler.swift; sourceTree = "<group>"; };
		BEF65AC928E3B465001543F6 /* LogViewPreviews+Mock.swift */ = {isa = PBXFileReference; lastKnownFileType = sourcecode.swift; path = "LogViewPreviews+Mock.swift"; sourceTree = "<group>"; };
		BE6F811E289DD68B00D28F49 /* MainDispatcher.swift */ = {isa = PBXFileReference; lastKnownFileType = sourcecode.swift; path = MainDispatcher.swift; sourceTree = "<group>"; };
		BE682F64288C31010096346F /* MainWindow.swift */ = {isa = PBXFileReference; lastKnownFileType = sourcecode.swift; path = MainWindow.swift; sourceTree = "<group>"; };
		BE32D68528A1E8D900EADEF7 /* MyTests.swift */ = {isa = PBXFileReference; lastKnownFileType = sourcecode.swift; path = MyTests.swift; sourceTree = "<group>"; };
		BE682F96288CC15C0096346F /* NetworkConnection.swift */ = {isa = PBXFileReference; lastKnownFileType = sourcecode.swift; path = NetworkConnection.swift; sourceTree = "<group>"; };
		BE5443D228E9097C00DD9DCB /* Overview.swift */ = {isa = PBXFileReference; lastKnownFileType = sourcecode.swift; path = Overview.swift; sourceTree = "<group>"; };
		BE90019C28B0F29C000B7C0E /* Packet.swift */ = {isa = PBXFileReference; lastKnownFileType = sourcecode.swift; path = Packet.swift; sourceTree = "<group>"; };
		BE90019228B0F242000B7C0E /* PacketActions.swift */ = {isa = PBXFileReference; lastKnownFileType = sourcecode.swift; path = PacketActions.swift; sourceTree = "<group>"; };
		BE9001AA28B0F9F7000B7C0E /* PacketParser.swift */ = {isa = PBXFileReference; lastKnownFileType = sourcecode.swift; path = PacketParser.swift; sourceTree = "<group>"; };
		BE90019428B0F24A000B7C0E /* PacketState.swift */ = {isa = PBXFileReference; lastKnownFileType = sourcecode.swift; path = PacketState.swift; sourceTree = "<group>"; };
		BE90019628B0F257000B7C0E /* PacketStore.swift */ = {isa = PBXFileReference; lastKnownFileType = sourcecode.swift; path = PacketStore.swift; sourceTree = "<group>"; };
		BEE7190928BC172C000F147B /* PacketTableRow.swift */ = {isa = PBXFileReference; lastKnownFileType = sourcecode.swift; path = PacketTableRow.swift; sourceTree = "<group>"; };
		BEF65AC628E3B0D4001543F6 /* PacketView.swift */ = {isa = PBXFileReference; lastKnownFileType = sourcecode.swift; path = PacketView.swift; sourceTree = "<group>"; };
		BEF65AD528E3BEF4001543F6 /* PacketViewController.swift */ = {isa = PBXFileReference; lastKnownFileType = sourcecode.swift; path = PacketViewController.swift; sourceTree = "<group>"; };
		BEF65AD728E3BF05001543F6 /* PacketViewDataProvider.swift */ = {isa = PBXFileReference; lastKnownFileType = sourcecode.swift; path = PacketViewDataProvider.swift; sourceTree = "<group>"; };
		BEF65ACF28E3B807001543F6 /* PacketViewDomain.swift */ = {isa = PBXFileReference; lastKnownFileType = sourcecode.swift; path = PacketViewDomain.swift; sourceTree = "<group>"; };
		BEF65AD128E3B85C001543F6 /* PacketViewEventHandler.swift */ = {isa = PBXFileReference; lastKnownFileType = sourcecode.swift; path = PacketViewEventHandler.swift; sourceTree = "<group>"; };
		BEF65AD328E3B87F001543F6 /* PacketViewPreviews+Mock.swift */ = {isa = PBXFileReference; lastKnownFileType = sourcecode.swift; path = "PacketViewPreviews+Mock.swift"; sourceTree = "<group>"; };
		BE59915728CD1780008BA5CF /* Peaker.swift */ = {isa = PBXFileReference; lastKnownFileType = sourcecode.swift; path = Peaker.swift; sourceTree = "<group>"; };
		BEED2A9328A5BB2900EE1E5D /* PostAppErrorUseCase.swift */ = {isa = PBXFileReference; lastKnownFileType = sourcecode.swift; path = PostAppErrorUseCase.swift; sourceTree = "<group>"; };
		BEED2A9528A5BB3500EE1E5D /* PostAppErrorUseCaseInterface.swift */ = {isa = PBXFileReference; lastKnownFileType = sourcecode.swift; path = PostAppErrorUseCaseInterface.swift; sourceTree = "<group>"; };
		BEF69FFB28DFB3AA00B3ECBB /* PostInvalidPacketUseCase.swift */ = {isa = PBXFileReference; lastKnownFileType = sourcecode.swift; path = PostInvalidPacketUseCase.swift; sourceTree = "<group>"; };
		BEF69FFD28DFB3BD00B3ECBB /* PostInvalidPacketUseCaseInterface.swift */ = {isa = PBXFileReference; lastKnownFileType = sourcecode.swift; path = PostInvalidPacketUseCaseInterface.swift; sourceTree = "<group>"; };
		BE682F69288C31020096346F /* Preview Assets.xcassets */ = {isa = PBXFileReference; lastKnownFileType = folder.assetcatalog; path = "Preview Assets.xcassets"; sourceTree = "<group>"; };
		BE9001A028B0F38B000B7C0E /* Project.swift */ = {isa = PBXFileReference; lastKnownFileType = sourcecode.swift; path = Project.swift; sourceTree = "<group>"; };
		BEC25AEC2899DE890083E5B5 /* ProjectDescriptor.swift */ = {isa = PBXFileReference; lastKnownFileType = sourcecode.swift; path = ProjectDescriptor.swift; sourceTree = "<group>"; };
		BE27F907288F54290042F376 /* Request.swift */ = {isa = PBXFileReference; lastKnownFileType = sourcecode.swift; path = Request.swift; sourceTree = "<group>"; };
		BE27F903288F4C140042F376 /* RequestMethod.swift */ = {isa = PBXFileReference; lastKnownFileType = sourcecode.swift; path = RequestMethod.swift; sourceTree = "<group>"; };
		BE5443CD28E908CC00DD9DCB /* RequestView.swift */ = {isa = PBXFileReference; lastKnownFileType = sourcecode.swift; path = RequestView.swift; sourceTree = "<group>"; };
		BE27F909288F54300042F376 /* Response.swift */ = {isa = PBXFileReference; lastKnownFileType = sourcecode.swift; path = Response.swift; sourceTree = "<group>"; };
		BE5443CF28E908D600DD9DCB /* ResponseView.swift */ = {isa = PBXFileReference; lastKnownFileType = sourcecode.swift; path = ResponseView.swift; sourceTree = "<group>"; };
		BE9001BF28B2F8CD000B7C0E /* SampleButton.swift */ = {isa = PBXFileReference; lastKnownFileType = sourcecode.swift; path = SampleButton.swift; sourceTree = "<group>"; };
		BE88A63428E0C15800406E79 /* SelectPacketsUseCase.swift */ = {isa = PBXFileReference; lastKnownFileType = sourcecode.swift; path = SelectPacketsUseCase.swift; sourceTree = "<group>"; };
		BE88A63628E0C16A00406E79 /* SelectPacketsUseCaseInterface.swift */ = {isa = PBXFileReference; lastKnownFileType = sourcecode.swift; path = SelectPacketsUseCaseInterface.swift; sourceTree = "<group>"; };
		BE6CD46B28F227960064C777 /* SmallActionButton.swift */ = {isa = PBXFileReference; lastKnownFileType = sourcecode.swift; path = SmallActionButton.swift; sourceTree = "<group>"; };
		BE44C44B28C40BFB00791897 /* StandardPicker.swift */ = {isa = PBXFileReference; lastKnownFileType = sourcecode.swift; path = StandardPicker.swift; sourceTree = "<group>"; };
		BEEE4D1E28B42AB700402219 /* Status.swift */ = {isa = PBXFileReference; lastKnownFileType = sourcecode.swift; path = Status.swift; sourceTree = "<group>"; };
		BE88A63028DFD39800406E79 /* StatusCode.swift */ = {isa = PBXFileReference; lastKnownFileType = sourcecode.swift; path = StatusCode.swift; sourceTree = "<group>"; };
		BE90019828B0F26C000B7C0E /* StorePacketUseCase.swift */ = {isa = PBXFileReference; lastKnownFileType = sourcecode.swift; path = StorePacketUseCase.swift; sourceTree = "<group>"; };
		BE90019A28B0F276000B7C0E /* StorePacketUseCaseInterface.swift */ = {isa = PBXFileReference; lastKnownFileType = sourcecode.swift; path = StorePacketUseCaseInterface.swift; sourceTree = "<group>"; };
		BE27F8F2288F367B0042F376 /* String+Utils.swift */ = {isa = PBXFileReference; lastKnownFileType = sourcecode.swift; path = "String+Utils.swift"; sourceTree = "<group>"; };
		BEAC289528D7AB0A00B1F4B6 /* UpdateFilterUseCase.swift */ = {isa = PBXFileReference; lastKnownFileType = sourcecode.swift; path = UpdateFilterUseCase.swift; sourceTree = "<group>"; };
		BEAC289728D7AB3800B1F4B6 /* UpdateFilterUseCaseInterface.swift */ = {isa = PBXFileReference; lastKnownFileType = sourcecode.swift; path = UpdateFilterUseCaseInterface.swift; sourceTree = "<group>"; };
/* End PBXFileReference section */

/* Begin PBXFrameworksBuildPhase section */
		BE32D63028A1E0E500EADEF7 /* Frameworks */ = {
			isa = PBXFrameworksBuildPhase;
			buildActionMask = 2147483647;
			files = (
				BECCCB9828A2024A00BD65BB /* SwiftyMocky in Frameworks */,
			);
			runOnlyForDeploymentPostprocessing = 0;
		};
		BE682F5C288C31010096346F /* Frameworks */ = {
			isa = PBXFrameworksBuildPhase;
			buildActionMask = 2147483647;
			files = (
				BE32D64328A1E26300EADEF7 /* Factory in Frameworks */,
			);
			runOnlyForDeploymentPostprocessing = 0;
		};
/* End PBXFrameworksBuildPhase section */

/* Begin PBXGroup section */
		BE27F8EE288F35B80042F376 /* Parser */ = {
			isa = PBXGroup;
			children = (
				BE27F8EF288F35E30042F376 /* BagelPacketParser.swift */,
				BE9001AA28B0F9F7000B7C0E /* PacketParser.swift */,
			);
			path = Parser;
			sourceTree = "<group>";
		};
		BE27F8F1288F366E0042F376 /* Utils */ = {
			isa = PBXGroup;
			children = (
				BEED2A9728A5BD1A00EE1E5D /* AppError+UI.swift */,
				BECCCB9128A2002A00BD65BB /* AutoMockable.swift */,
				BE9001AE28B0FC00000B7C0E /* Biscuit+Hashable.swift */,
				BE04CE9F28B847FE0057F82A /* Callbacks.swift */,
				BEDF9B8B28DBCE4600D45A79 /* Collection+Utils.swift */,
				BE27F8FD288F48C40042F376 /* Data+Utils.swift */,
				BE6F8124289DD99B00D28F49 /* DefaultInitializer.swift */,
				BE9001B128B159D7000B7C0E /* DescriptionUtils.swift */,
				BE9AA93228DFCCBC0030F0B3 /* DomainModel+Color.swift */,
				BE32D5B228A1C62F00EADEF7 /* Factory+Extension.swift */,
				BE59915728CD1780008BA5CF /* Peaker.swift */,
				BE27F8F2288F367B0042F376 /* String+Utils.swift */,
			);
			path = Utils;
			sourceTree = "<group>";
		};
		BE27F8FA288F415D0042F376 /* Api */ = {
			isa = PBXGroup;
			children = (
				BE682F86288C99650096346F /* BagelDeviceModel.swift */,
				BE682F80288C98FD0096346F /* BagelPacket.swift */,
				BE682F84288C992D0096346F /* BagelProjectModel.swift */,
				BE682F82288C99160096346F /* BagelRequestInfo.swift */,
				BE27F903288F4C140042F376 /* RequestMethod.swift */,
			);
			path = Api;
			sourceTree = "<group>";
		};
		BE27F8FB288F42560042F376 /* Logic */ = {
			isa = PBXGroup;
			children = (
				BE682F91288CBAB00096346F /* Networking */,
				BE32D5B028A1C44A00EADEF7 /* BiscuitCore.swift */,
			);
			path = Logic;
			sourceTree = "<group>";
		};
		BE27F90B288F59A50042F376 /* Domain */ = {
			isa = PBXGroup;
			children = (
				BEED2A8F28A5B3D500EE1E5D /* AppError.swift */,
				BE04CE9128B82AB80057F82A /* Client.swift */,
				BE9001A228B0F3FA000B7C0E /* Device.swift */,
				BE27F905288F52080042F376 /* DeviceDescriptor.swift */,
				BEAC289328D7A9CB00B1F4B6 /* Filter.swift */,
				BE9001A828B0F999000B7C0E /* IncomingPacket.swift */,
				BEF69FFF28DFB44A00B3ECBB /* InvalidPacket.swift */,
				BE90019C28B0F29C000B7C0E /* Packet.swift */,
				BE9001A028B0F38B000B7C0E /* Project.swift */,
				BEC25AEC2899DE890083E5B5 /* ProjectDescriptor.swift */,
				BE27F907288F54290042F376 /* Request.swift */,
				BE27F909288F54300042F376 /* Response.swift */,
				BEEE4D1E28B42AB700402219 /* Status.swift */,
				BE88A63028DFD39800406E79 /* StatusCode.swift */,
			);
			path = Domain;
			sourceTree = "<group>";
		};
		BE32D63428A1E0E500EADEF7 /* BiscuitTests */ = {
			isa = PBXGroup;
			children = (
				BECCCB9328A2011B00BD65BB /* Mocks */,
				BE32D68728A1EDC300EADEF7 /* DispatcherTests.swift */,
				BE32D68528A1E8D900EADEF7 /* MyTests.swift */,
			);
			path = BiscuitTests;
			sourceTree = "<group>";
		};
		BE32D69228A1F1D600EADEF7 /* Frameworks */ = {
			isa = PBXGroup;
			children = (
			);
			name = Frameworks;
			sourceTree = "<group>";
		};
		BE44C45628C421C700791897 /* HeaderView */ = {
			isa = PBXGroup;
			children = (
				BEF65ACB28E3B63E001543F6 /* PreviewData */,
				BE04CE9728B834350057F82A /* HeaderView.swift */,
				BE44C45128C4117F00791897 /* HeaderViewController.swift */,
				BE92891E28D787BD0008E116 /* HeaderViewDataProvider.swift */,
				BE92892028D78B220008E116 /* HeaderViewDomain.swift */,
				BE92891C28D785BD0008E116 /* HeaderViewEventHandler.swift */,
			);
			path = HeaderView;
			sourceTree = "<group>";
		};
		BE5443CB28E908A500DD9DCB /* RequestView */ = {
			isa = PBXGroup;
			children = (
				BE5443CD28E908CC00DD9DCB /* RequestView.swift */,
			);
			path = RequestView;
			sourceTree = "<group>";
		};
		BE5443CC28E908B400DD9DCB /* ResponseView */ = {
			isa = PBXGroup;
			children = (
				BE5443CF28E908D600DD9DCB /* ResponseView.swift */,
			);
			path = ResponseView;
			sourceTree = "<group>";
		};
		BE5443D128E9096D00DD9DCB /* Overview */ = {
			isa = PBXGroup;
			children = (
				BE5443D228E9097C00DD9DCB /* Overview.swift */,
			);
			path = Overview;
			sourceTree = "<group>";
		};
		BE5C9EAC2899F3C200F84DE7 /* DI */ = {
			isa = PBXGroup;
			children = (
				BE5C9EAD2899F3D000F84DE7 /* Assembly.swift */,
			);
			path = DI;
			sourceTree = "<group>";
		};
		BE682F56288C31010096346F = {
			isa = PBXGroup;
			children = (
				BE682F61288C31010096346F /* Biscuit */,
				BE32D63428A1E0E500EADEF7 /* BiscuitTests */,
				BE32D69228A1F1D600EADEF7 /* Frameworks */,
				BE682F60288C31010096346F /* Products */,
			);
			sourceTree = "<group>";
		};
		BE682F60288C31010096346F /* Products */ = {
			isa = PBXGroup;
			children = (
				BE682F5F288C31010096346F /* Biscuit.app */,
				BE32D63328A1E0E500EADEF7 /* BiscuitTests.xctest */,
			);
			name = Products;
			sourceTree = "<group>";
		};
		BE682F61288C31010096346F /* Biscuit */ = {
			isa = PBXGroup;
			children = (
				BE682F8E288CA0260096346F /* Assets */,
				BE5C9EAC2899F3C200F84DE7 /* DI */,
				BE682F76288C963F0096346F /* Flux */,
				BE27F8FB288F42560042F376 /* Logic */,
				BE682F7F288C98EE0096346F /* Models */,
				BE682F8D288CA0090096346F /* UI */,
				BE27F8F1288F366E0042F376 /* Utils */,
				BE682F71288C311A0096346F /* AppDelegate.swift */,
				BE682F6B288C31020096346F /* Biscuit.entitlements */,
				BE682F62288C31010096346F /* BiscuitApp.swift */,
			);
			path = Biscuit;
			sourceTree = "<group>";
		};
		BE682F68288C31020096346F /* Preview Content */ = {
			isa = PBXGroup;
			children = (
				BE682F69288C31020096346F /* Preview Assets.xcassets */,
			);
			path = "Preview Content";
			sourceTree = "<group>";
		};
		BE682F76288C963F0096346F /* Flux */ = {
			isa = PBXGroup;
			children = (
				BEC25AE22899CC3F0083E5B5 /* Interfaces */,
				BE9001B028B10273000B7C0E /* Modules */,
				BEED2A9128A5B45B00EE1E5D /* BaseStore.swift */,
				BE6F811E289DD68B00D28F49 /* MainDispatcher.swift */,
			);
			path = Flux;
			sourceTree = "<group>";
		};
		BE682F7F288C98EE0096346F /* Models */ = {
			isa = PBXGroup;
			children = (
				BE27F8FA288F415D0042F376 /* Api */,
				BE27F90B288F59A50042F376 /* Domain */,
				BE27F8EE288F35B80042F376 /* Parser */,
			);
			path = Models;
			sourceTree = "<group>";
		};
		BE682F8D288CA0090096346F /* UI */ = {
			isa = PBXGroup;
			children = (
				BE92891528D74A1C0008E116 /* Components */,
				BE44C45628C421C700791897 /* HeaderView */,
				BE69393528CEB1B9007D4E3C /* LogView */,
				BEF65AC528E3B094001543F6 /* PacketView */,
				BE7B42EF28BAFCD200DB8529 /* AppController.swift */,
				BE682F64288C31010096346F /* MainWindow.swift */,
			);
			path = UI;
			sourceTree = "<group>";
		};
		BE682F8E288CA0260096346F /* Assets */ = {
			isa = PBXGroup;
			children = (
				BE682F68288C31020096346F /* Preview Content */,
				BE682F66288C31020096346F /* Assets.xcassets */,
				BEF7BD8A28A847B8002E825A /* Colors.swift */,
				BEF7BD8C28A847D1002E825A /* Colors.xcassets */,
			);
			path = Assets;
			sourceTree = "<group>";
		};
		BE682F91288CBAB00096346F /* Networking */ = {
			isa = PBXGroup;
			children = (
				BE682F94288CBB300096346F /* BagelConfig.swift */,
				BE682F92288CBADF0096346F /* Connector.swift */,
				BE682F96288CC15C0096346F /* NetworkConnection.swift */,
			);
			path = Networking;
			sourceTree = "<group>";
		};
		BE69392F28CE2605007D4E3C /* UseCases */ = {
			isa = PBXGroup;
			children = (
				BE9001B328B2D9F9000B7C0E /* ClientConnectedUseCase.swift */,
				BE9001B528B2DA03000B7C0E /* ClientConnectedUseCaseInterface.swift */,
				BE04CE9328B82D6F0057F82A /* ClientDisconnectedUseCase.swift */,
				BE04CE9528B82D7D0057F82A /* ClientDisconnectedUseCaseInterface.swift */,
				BEED2A9328A5BB2900EE1E5D /* PostAppErrorUseCase.swift */,
				BEED2A9528A5BB3500EE1E5D /* PostAppErrorUseCaseInterface.swift */,
				BEF69FFB28DFB3AA00B3ECBB /* PostInvalidPacketUseCase.swift */,
				BEF69FFD28DFB3BD00B3ECBB /* PostInvalidPacketUseCaseInterface.swift */,
				BE88A63428E0C15800406E79 /* SelectPacketsUseCase.swift */,
				BE88A63628E0C16A00406E79 /* SelectPacketsUseCaseInterface.swift */,
				BEAC289528D7AB0A00B1F4B6 /* UpdateFilterUseCase.swift */,
				BEAC289728D7AB3800B1F4B6 /* UpdateFilterUseCaseInterface.swift */,
			);
			path = UseCases;
			sourceTree = "<group>";
		};
		BE69393028CE2616007D4E3C /* UseCases */ = {
			isa = PBXGroup;
			children = (
				BE90019828B0F26C000B7C0E /* StorePacketUseCase.swift */,
				BE90019A28B0F276000B7C0E /* StorePacketUseCaseInterface.swift */,
			);
			path = UseCases;
			sourceTree = "<group>";
		};
		BE69393528CEB1B9007D4E3C /* LogView */ = {
			isa = PBXGroup;
			children = (
				BEE7190828BC16C3000F147B /* Models */,
				BEF65AC828E3B445001543F6 /* PreviewData */,
				BE9001BB28B2F87D000B7C0E /* LogView.swift */,
				BE69393628CEB1C8007D4E3C /* LogViewController.swift */,
				BE92892628D792FA0008E116 /* LogViewDataProvider.swift */,
				BE92892428D792E80008E116 /* LogViewDomain.swift */,
				BE92892228D792DD0008E116 /* LogViewEventHandler.swift */,
			);
			path = LogView;
			sourceTree = "<group>";
		};
		BE90019128B0F22D000B7C0E /* Packet */ = {
			isa = PBXGroup;
			children = (
				BE69393028CE2616007D4E3C /* UseCases */,
				BE90019228B0F242000B7C0E /* PacketActions.swift */,
				BE90019428B0F24A000B7C0E /* PacketState.swift */,
				BE90019628B0F257000B7C0E /* PacketStore.swift */,
			);
			path = Packet;
			sourceTree = "<group>";
		};
		BE9001B028B10273000B7C0E /* Modules */ = {
			isa = PBXGroup;
			children = (
				BEED2A8828A5B31500EE1E5D /* App */,
				BE90019128B0F22D000B7C0E /* Packet */,
			);
			path = Modules;
			sourceTree = "<group>";
		};
		BE92891528D74A1C0008E116 /* Components */ = {
			isa = PBXGroup;
			children = (
				BE5443D428E911AB00DD9DCB /* BlurView.swift */,
				BE9001BF28B2F8CD000B7C0E /* SampleButton.swift */,
				BE6CD46B28F227960064C777 /* SmallActionButton.swift */,
				BE44C44B28C40BFB00791897 /* StandardPicker.swift */,
			);
			path = Components;
			sourceTree = "<group>";
		};
		BEC25AE22899CC3F0083E5B5 /* Interfaces */ = {
			isa = PBXGroup;
			children = (
				BE682F79288C96630096346F /* FluxAction.swift */,
				BE682F77288C964F0096346F /* FluxDispatcher.swift */,
				BE5C9EB4289A025E00F84DE7 /* FluxState.swift */,
				BE682F7B288C96780096346F /* FluxStore.swift */,
			);
			path = Interfaces;
			sourceTree = "<group>";
		};
		BECCCB9328A2011B00BD65BB /* Mocks */ = {
			isa = PBXGroup;
			children = (
				BECCCB9428A2011B00BD65BB /* BiscuitTests.generated.swift */,
			);
			path = Mocks;
			sourceTree = "<group>";
		};
		BEE7190828BC16C3000F147B /* Models */ = {
			isa = PBXGroup;
			children = (
				BEE7190928BC172C000F147B /* PacketTableRow.swift */,
			);
			path = Models;
			sourceTree = "<group>";
		};
		BEED2A8828A5B31500EE1E5D /* App */ = {
			isa = PBXGroup;
			children = (
				BE69392F28CE2605007D4E3C /* UseCases */,
				BEED2A8928A5B32D00EE1E5D /* AppActions.swift */,
				BEED2A8B28A5B33500EE1E5D /* AppState.swift */,
				BEED2A8D28A5B34300EE1E5D /* AppStore.swift */,
			);
			path = App;
			sourceTree = "<group>";
		};
		BEF65AC528E3B094001543F6 /* PacketView */ = {
			isa = PBXGroup;
			children = (
				BE5443D128E9096D00DD9DCB /* Overview */,
				BEF65ACE28E3B7B8001543F6 /* PreviewData */,
				BE5443CB28E908A500DD9DCB /* RequestView */,
				BE5443CC28E908B400DD9DCB /* ResponseView */,
				BEF65AC628E3B0D4001543F6 /* PacketView.swift */,
				BEF65AD528E3BEF4001543F6 /* PacketViewController.swift */,
				BEF65AD728E3BF05001543F6 /* PacketViewDataProvider.swift */,
				BEF65ACF28E3B807001543F6 /* PacketViewDomain.swift */,
				BEF65AD128E3B85C001543F6 /* PacketViewEventHandler.swift */,
			);
			path = PacketView;
			sourceTree = "<group>";
		};
		BEF65AC828E3B445001543F6 /* PreviewData */ = {
			isa = PBXGroup;
			children = (
				BEF65AC928E3B465001543F6 /* LogViewPreviews+Mock.swift */,
			);
			path = PreviewData;
			sourceTree = "<group>";
		};
		BEF65ACB28E3B63E001543F6 /* PreviewData */ = {
			isa = PBXGroup;
			children = (
				BEF65ACC28E3B672001543F6 /* HeaderViewPreviews+Mock.swift */,
			);
			path = PreviewData;
			sourceTree = "<group>";
		};
		BEF65ACE28E3B7B8001543F6 /* PreviewData */ = {
			isa = PBXGroup;
			children = (
				BEF65AD328E3B87F001543F6 /* PacketViewPreviews+Mock.swift */,
			);
			path = PreviewData;
			sourceTree = "<group>";
		};
/* End PBXGroup section */

/* Begin PBXNativeTarget section */
		BE32D63228A1E0E500EADEF7 /* BiscuitTests */ = {
			isa = PBXNativeTarget;
			buildConfigurationList = BE32D63928A1E0E500EADEF7 /* Build configuration list for PBXNativeTarget "BiscuitTests" */;
			buildPhases = (
				BE32D62F28A1E0E500EADEF7 /* Sources */,
				BE32D63028A1E0E500EADEF7 /* Frameworks */,
				BE32D63128A1E0E500EADEF7 /* Resources */,
			);
			buildRules = (
			);
			dependencies = (
				BE32D64828A1E51F00EADEF7 /* PBXTargetDependency */,
				BE32D68428A1E6E300EADEF7 /* PBXTargetDependency */,
			);
			name = BiscuitTests;
			packageProductDependencies = (
				BECCCB9728A2024A00BD65BB /* SwiftyMocky */,
			);
			productName = BiscuitTests;
			productReference = BE32D63328A1E0E500EADEF7 /* BiscuitTests.xctest */;
			productType = "com.apple.product-type.bundle.unit-test";
		};
		BE682F5E288C31010096346F /* Biscuit */ = {
			isa = PBXNativeTarget;
			buildConfigurationList = BE682F6E288C31020096346F /* Build configuration list for PBXNativeTarget "Biscuit" */;
			buildPhases = (
				BE682F5B288C31010096346F /* Sources */,
				BE682F5C288C31010096346F /* Frameworks */,
				BE682F5D288C31010096346F /* Resources */,
			);
			buildRules = (
			);
			dependencies = (
			);
			name = Biscuit;
			packageProductDependencies = (
				BE32D64228A1E26300EADEF7 /* Factory */,
			);
			productName = Biscuit;
			productReference = BE682F5F288C31010096346F /* Biscuit.app */;
			productType = "com.apple.product-type.application";
		};
/* End PBXNativeTarget section */

/* Begin PBXProject section */
		BE682F57288C31010096346F /* Project object */ = {
			isa = PBXProject;
			attributes = {
				BuildIndependentTargetsInParallel = 1;
				LastSwiftUpdateCheck = 1340;
				LastUpgradeCheck = 1400;
				TargetAttributes = {
					BE32D63228A1E0E500EADEF7 = {
						CreatedOnToolsVersion = 13.4.1;
						TestTargetID = BE682F5E288C31010096346F;
					};
					BE682F5E288C31010096346F = {
						CreatedOnToolsVersion = 13.4.1;
					};
				};
			};
			buildConfigurationList = BE682F5A288C31010096346F /* Build configuration list for PBXProject "Biscuit" */;
			compatibilityVersion = "Xcode 13.0";
			developmentRegion = en;
			hasScannedForEncodings = 0;
			knownRegions = (
				en,
				Base,
			);
			mainGroup = BE682F56288C31010096346F;
			packageReferences = (
				BE32D64128A1E26300EADEF7 /* XCRemoteSwiftPackageReference "Factory" */,
				BECCCB9628A2024A00BD65BB /* XCRemoteSwiftPackageReference "SwiftyMocky" */,
			);
			productRefGroup = BE682F60288C31010096346F /* Products */;
			projectDirPath = "";
			projectRoot = "";
			targets = (
				BE682F5E288C31010096346F /* Biscuit */,
				BE32D63228A1E0E500EADEF7 /* BiscuitTests */,
			);
		};
/* End PBXProject section */

/* Begin PBXResourcesBuildPhase section */
		BE32D63128A1E0E500EADEF7 /* Resources */ = {
			isa = PBXResourcesBuildPhase;
			buildActionMask = 2147483647;
			files = (
			);
			runOnlyForDeploymentPostprocessing = 0;
		};
		BE682F5D288C31010096346F /* Resources */ = {
			isa = PBXResourcesBuildPhase;
			buildActionMask = 2147483647;
			files = (
				BE682F67288C31020096346F /* Assets.xcassets in Resources */,
				BEF7BD8D28A847D1002E825A /* Colors.xcassets in Resources */,
				BE682F6A288C31020096346F /* Preview Assets.xcassets in Resources */,
			);
			runOnlyForDeploymentPostprocessing = 0;
		};
/* End PBXResourcesBuildPhase section */

/* Begin PBXSourcesBuildPhase section */
		BE32D62F28A1E0E500EADEF7 /* Sources */ = {
			isa = PBXSourcesBuildPhase;
			buildActionMask = 2147483647;
			files = (
				BECCCB9528A2011B00BD65BB /* BiscuitTests.generated.swift in Sources */,
				BE32D68828A1EDC300EADEF7 /* DispatcherTests.swift in Sources */,
				BE32D68628A1E8D900EADEF7 /* MyTests.swift in Sources */,
			);
			runOnlyForDeploymentPostprocessing = 0;
		};
		BE682F5B288C31010096346F /* Sources */ = {
			isa = PBXSourcesBuildPhase;
			buildActionMask = 2147483647;
			files = (
				BEED2A8A28A5B32D00EE1E5D /* AppActions.swift in Sources */,
				BE7B42F028BAFCD200DB8529 /* AppController.swift in Sources */,
				BE682F72288C311A0096346F /* AppDelegate.swift in Sources */,
				BEED2A9828A5BD1A00EE1E5D /* AppError+UI.swift in Sources */,
				BEED2A9028A5B3D500EE1E5D /* AppError.swift in Sources */,
				BEED2A8C28A5B33500EE1E5D /* AppState.swift in Sources */,
				BEED2A8E28A5B34300EE1E5D /* AppStore.swift in Sources */,
				BE5C9EAE2899F3D000F84DE7 /* Assembly.swift in Sources */,
				BECCCB9228A2002A00BD65BB /* AutoMockable.swift in Sources */,
				BE682F95288CBB300096346F /* BagelConfig.swift in Sources */,
				BE682F87288C99650096346F /* BagelDeviceModel.swift in Sources */,
				BE682F81288C98FD0096346F /* BagelPacket.swift in Sources */,
				BE27F8F0288F35E30042F376 /* BagelPacketParser.swift in Sources */,
				BE682F85288C992D0096346F /* BagelProjectModel.swift in Sources */,
				BE682F83288C99160096346F /* BagelRequestInfo.swift in Sources */,
				BEED2A9228A5B45B00EE1E5D /* BaseStore.swift in Sources */,
				BE9001AF28B0FC00000B7C0E /* Biscuit+Hashable.swift in Sources */,
				BE682F63288C31010096346F /* BiscuitApp.swift in Sources */,
				BE32D5B128A1C44A00EADEF7 /* BiscuitCore.swift in Sources */,
				BE5443D528E911AB00DD9DCB /* BlurView.swift in Sources */,
				BE04CEA028B847FE0057F82A /* Callbacks.swift in Sources */,
				BE04CE9228B82AB80057F82A /* Client.swift in Sources */,
				BE9001B428B2D9F9000B7C0E /* ClientConnectedUseCase.swift in Sources */,
				BE9001B628B2DA03000B7C0E /* ClientConnectedUseCaseInterface.swift in Sources */,
				BE04CE9428B82D6F0057F82A /* ClientDisconnectedUseCase.swift in Sources */,
				BE04CE9628B82D7D0057F82A /* ClientDisconnectedUseCaseInterface.swift in Sources */,
				BEDF9B8C28DBCE4600D45A79 /* Collection+Utils.swift in Sources */,
				BEF7BD8B28A847B8002E825A /* Colors.swift in Sources */,
				BE682F93288CBADF0096346F /* Connector.swift in Sources */,
				BE27F8FE288F48C40042F376 /* Data+Utils.swift in Sources */,
				BE6F8125289DD99B00D28F49 /* DefaultInitializer.swift in Sources */,
				BE9001B228B159D7000B7C0E /* DescriptionUtils.swift in Sources */,
				BE9001A328B0F3FA000B7C0E /* Device.swift in Sources */,
				BE27F906288F52080042F376 /* DeviceDescriptor.swift in Sources */,
				BE9AA93328DFCCBC0030F0B3 /* DomainModel+Color.swift in Sources */,
				BE32D5B328A1C62F00EADEF7 /* Factory+Extension.swift in Sources */,
				BEAC289428D7A9CB00B1F4B6 /* Filter.swift in Sources */,
				BE682F7A288C96630096346F /* FluxAction.swift in Sources */,
				BE682F78288C964F0096346F /* FluxDispatcher.swift in Sources */,
				BE5C9EB5289A025E00F84DE7 /* FluxState.swift in Sources */,
				BE682F7C288C96780096346F /* FluxStore.swift in Sources */,
				BE04CE9828B834350057F82A /* HeaderView.swift in Sources */,
				BE44C45228C4117F00791897 /* HeaderViewController.swift in Sources */,
				BE92891F28D787BD0008E116 /* HeaderViewDataProvider.swift in Sources */,
				BE92892128D78B220008E116 /* HeaderViewDomain.swift in Sources */,
				BE92891D28D785BE0008E116 /* HeaderViewEventHandler.swift in Sources */,
				BEF65ACD28E3B672001543F6 /* HeaderViewPreviews+Mock.swift in Sources */,
				BE9001A928B0F999000B7C0E /* IncomingPacket.swift in Sources */,
				BEF6A00028DFB44A00B3ECBB /* InvalidPacket.swift in Sources */,
				BE9001BC28B2F87D000B7C0E /* LogView.swift in Sources */,
				BE69393728CEB1C8007D4E3C /* LogViewController.swift in Sources */,
				BE92892728D792FA0008E116 /* LogViewDataProvider.swift in Sources */,
				BE92892528D792E80008E116 /* LogViewDomain.swift in Sources */,
				BE92892328D792DD0008E116 /* LogViewEventHandler.swift in Sources */,
				BEF65ACA28E3B465001543F6 /* LogViewPreviews+Mock.swift in Sources */,
				BE6F811F289DD68B00D28F49 /* MainDispatcher.swift in Sources */,
				BE682F65288C31010096346F /* MainWindow.swift in Sources */,
				BE682F97288CC15C0096346F /* NetworkConnection.swift in Sources */,
				BE5443D328E9097C00DD9DCB /* Overview.swift in Sources */,
				BE90019D28B0F29C000B7C0E /* Packet.swift in Sources */,
				BE90019328B0F242000B7C0E /* PacketActions.swift in Sources */,
				BE9001AB28B0F9F7000B7C0E /* PacketParser.swift in Sources */,
				BE90019528B0F24A000B7C0E /* PacketState.swift in Sources */,
				BE90019728B0F257000B7C0E /* PacketStore.swift in Sources */,
				BEE7190A28BC172C000F147B /* PacketTableRow.swift in Sources */,
				BEF65AC728E3B0D4001543F6 /* PacketView.swift in Sources */,
				BEF65AD628E3BEF4001543F6 /* PacketViewController.swift in Sources */,
				BEF65AD828E3BF05001543F6 /* PacketViewDataProvider.swift in Sources */,
				BEF65AD028E3B807001543F6 /* PacketViewDomain.swift in Sources */,
				BEF65AD228E3B85C001543F6 /* PacketViewEventHandler.swift in Sources */,
				BEF65AD428E3B87F001543F6 /* PacketViewPreviews+Mock.swift in Sources */,
				BE59915828CD1780008BA5CF /* Peaker.swift in Sources */,
				BEED2A9428A5BB2900EE1E5D /* PostAppErrorUseCase.swift in Sources */,
				BEED2A9628A5BB3500EE1E5D /* PostAppErrorUseCaseInterface.swift in Sources */,
				BEF69FFC28DFB3AA00B3ECBB /* PostInvalidPacketUseCase.swift in Sources */,
				BEF69FFE28DFB3BD00B3ECBB /* PostInvalidPacketUseCaseInterface.swift in Sources */,
				BE9001A128B0F38B000B7C0E /* Project.swift in Sources */,
				BEC25AED2899DE890083E5B5 /* ProjectDescriptor.swift in Sources */,
				BE27F908288F54290042F376 /* Request.swift in Sources */,
				BE27F904288F4C140042F376 /* RequestMethod.swift in Sources */,
				BE5443CE28E908CC00DD9DCB /* RequestView.swift in Sources */,
				BE27F90A288F54300042F376 /* Response.swift in Sources */,
				BE5443D028E908D600DD9DCB /* ResponseView.swift in Sources */,
				BE9001C028B2F8CD000B7C0E /* SampleButton.swift in Sources */,
				BE88A63528E0C15800406E79 /* SelectPacketsUseCase.swift in Sources */,
				BE88A63728E0C16A00406E79 /* SelectPacketsUseCaseInterface.swift in Sources */,
				BE6CD46C28F227960064C777 /* SmallActionButton.swift in Sources */,
				BE44C44C28C40BFB00791897 /* StandardPicker.swift in Sources */,
				BEEE4D1F28B42AB700402219 /* Status.swift in Sources */,
				BE88A63128DFD39800406E79 /* StatusCode.swift in Sources */,
				BE90019928B0F26C000B7C0E /* StorePacketUseCase.swift in Sources */,
				BE90019B28B0F276000B7C0E /* StorePacketUseCaseInterface.swift in Sources */,
				BE27F8F3288F367B0042F376 /* String+Utils.swift in Sources */,
				BEAC289628D7AB0A00B1F4B6 /* UpdateFilterUseCase.swift in Sources */,
				BEAC289828D7AB3800B1F4B6 /* UpdateFilterUseCaseInterface.swift in Sources */,
			);
			runOnlyForDeploymentPostprocessing = 0;
		};
/* End PBXSourcesBuildPhase section */

/* Begin PBXTargetDependency section */
		BE32D64828A1E51F00EADEF7 /* PBXTargetDependency */ = {
			isa = PBXTargetDependency;
			productRef = BE32D64728A1E51F00EADEF7 /* Factory */;
		};
		BE32D68428A1E6E300EADEF7 /* PBXTargetDependency */ = {
			isa = PBXTargetDependency;
			target = BE682F5E288C31010096346F /* Biscuit */;
			targetProxy = BE32D68328A1E6E300EADEF7 /* PBXContainerItemProxy */;
		};
/* End PBXTargetDependency section */

/* Begin XCBuildConfiguration section */
		BE32D63A28A1E0E500EADEF7 /* Debug */ = {
			isa = XCBuildConfiguration;
			buildSettings = {
				ALWAYS_EMBED_SWIFT_STANDARD_LIBRARIES = YES;
				BUNDLE_LOADER = "$(TEST_HOST)";
				CODE_SIGN_STYLE = Automatic;
				CURRENT_PROJECT_VERSION = 1;
				DEAD_CODE_STRIPPING = YES;
				DEVELOPMENT_TEAM = 2TQPT2TRMX;
				GENERATE_INFOPLIST_FILE = YES;
				MACOSX_DEPLOYMENT_TARGET = 12.3;
				MARKETING_VERSION = 1.0;
				OTHER_LDFLAGS = (
					"-framework",
					"\"XCTest\"",
				);
				PRODUCT_BUNDLE_IDENTIFIER = com.magnificat.BiscuitTests;
				PRODUCT_NAME = "$(TARGET_NAME)";
				SWIFT_EMIT_LOC_STRINGS = NO;
				SWIFT_VERSION = 5.0;
				TEST_HOST = "$(BUILT_PRODUCTS_DIR)/Biscuit.app/Contents/MacOS/Biscuit";
			};
			name = Debug;
		};
		BE32D63B28A1E0E500EADEF7 /* Release */ = {
			isa = XCBuildConfiguration;
			buildSettings = {
				ALWAYS_EMBED_SWIFT_STANDARD_LIBRARIES = YES;
				BUNDLE_LOADER = "$(TEST_HOST)";
				CODE_SIGN_STYLE = Automatic;
				CURRENT_PROJECT_VERSION = 1;
				DEAD_CODE_STRIPPING = YES;
				DEVELOPMENT_TEAM = 2TQPT2TRMX;
				GENERATE_INFOPLIST_FILE = YES;
				MACOSX_DEPLOYMENT_TARGET = 12.3;
				MARKETING_VERSION = 1.0;
				OTHER_LDFLAGS = (
					"-framework",
					"\"XCTest\"",
				);
				PRODUCT_BUNDLE_IDENTIFIER = com.magnificat.BiscuitTests;
				PRODUCT_NAME = "$(TARGET_NAME)";
				SWIFT_EMIT_LOC_STRINGS = NO;
				SWIFT_VERSION = 5.0;
				TEST_HOST = "$(BUILT_PRODUCTS_DIR)/Biscuit.app/Contents/MacOS/Biscuit";
			};
			name = Release;
		};
		BE682F6C288C31020096346F /* Debug */ = {
			isa = XCBuildConfiguration;
			buildSettings = {
				ALWAYS_SEARCH_USER_PATHS = NO;
				CLANG_ANALYZER_NONNULL = YES;
				CLANG_ANALYZER_NUMBER_OBJECT_CONVERSION = YES_AGGRESSIVE;
				CLANG_CXX_LANGUAGE_STANDARD = "gnu++17";
				CLANG_ENABLE_MODULES = YES;
				CLANG_ENABLE_OBJC_ARC = YES;
				CLANG_ENABLE_OBJC_WEAK = YES;
				CLANG_WARN_BLOCK_CAPTURE_AUTORELEASING = YES;
				CLANG_WARN_BOOL_CONVERSION = YES;
				CLANG_WARN_COMMA = YES;
				CLANG_WARN_CONSTANT_CONVERSION = YES;
				CLANG_WARN_DEPRECATED_OBJC_IMPLEMENTATIONS = YES;
				CLANG_WARN_DIRECT_OBJC_ISA_USAGE = YES_ERROR;
				CLANG_WARN_DOCUMENTATION_COMMENTS = YES;
				CLANG_WARN_EMPTY_BODY = YES;
				CLANG_WARN_ENUM_CONVERSION = YES;
				CLANG_WARN_INFINITE_RECURSION = YES;
				CLANG_WARN_INT_CONVERSION = YES;
				CLANG_WARN_NON_LITERAL_NULL_CONVERSION = YES;
				CLANG_WARN_OBJC_IMPLICIT_RETAIN_SELF = YES;
				CLANG_WARN_OBJC_LITERAL_CONVERSION = YES;
				CLANG_WARN_OBJC_ROOT_CLASS = YES_ERROR;
				CLANG_WARN_QUOTED_INCLUDE_IN_FRAMEWORK_HEADER = YES;
				CLANG_WARN_RANGE_LOOP_ANALYSIS = YES;
				CLANG_WARN_STRICT_PROTOTYPES = YES;
				CLANG_WARN_SUSPICIOUS_MOVE = YES;
				CLANG_WARN_UNGUARDED_AVAILABILITY = YES_AGGRESSIVE;
				CLANG_WARN_UNREACHABLE_CODE = YES;
				CLANG_WARN__DUPLICATE_METHOD_MATCH = YES;
				COPY_PHASE_STRIP = NO;
				DEAD_CODE_STRIPPING = YES;
				DEBUG_INFORMATION_FORMAT = dwarf;
				ENABLE_STRICT_OBJC_MSGSEND = YES;
				ENABLE_TESTABILITY = YES;
				GCC_C_LANGUAGE_STANDARD = gnu11;
				GCC_DYNAMIC_NO_PIC = NO;
				GCC_NO_COMMON_BLOCKS = YES;
				GCC_OPTIMIZATION_LEVEL = 0;
				GCC_PREPROCESSOR_DEFINITIONS = (
					"DEBUG=1",
					"$(inherited)",
				);
				GCC_WARN_64_TO_32_BIT_CONVERSION = YES;
				GCC_WARN_ABOUT_RETURN_TYPE = YES_ERROR;
				GCC_WARN_UNDECLARED_SELECTOR = YES;
				GCC_WARN_UNINITIALIZED_AUTOS = YES_AGGRESSIVE;
				GCC_WARN_UNUSED_FUNCTION = YES;
				GCC_WARN_UNUSED_VARIABLE = YES;
				MACOSX_DEPLOYMENT_TARGET = 12.3;
				MTL_ENABLE_DEBUG_INFO = INCLUDE_SOURCE;
				MTL_FAST_MATH = YES;
				ONLY_ACTIVE_ARCH = YES;
				SDKROOT = macosx;
				SWIFT_ACTIVE_COMPILATION_CONDITIONS = DEBUG;
				SWIFT_OPTIMIZATION_LEVEL = "-Onone";
			};
			name = Debug;
		};
		BE682F6D288C31020096346F /* Release */ = {
			isa = XCBuildConfiguration;
			buildSettings = {
				ALWAYS_SEARCH_USER_PATHS = NO;
				CLANG_ANALYZER_NONNULL = YES;
				CLANG_ANALYZER_NUMBER_OBJECT_CONVERSION = YES_AGGRESSIVE;
				CLANG_CXX_LANGUAGE_STANDARD = "gnu++17";
				CLANG_ENABLE_MODULES = YES;
				CLANG_ENABLE_OBJC_ARC = YES;
				CLANG_ENABLE_OBJC_WEAK = YES;
				CLANG_WARN_BLOCK_CAPTURE_AUTORELEASING = YES;
				CLANG_WARN_BOOL_CONVERSION = YES;
				CLANG_WARN_COMMA = YES;
				CLANG_WARN_CONSTANT_CONVERSION = YES;
				CLANG_WARN_DEPRECATED_OBJC_IMPLEMENTATIONS = YES;
				CLANG_WARN_DIRECT_OBJC_ISA_USAGE = YES_ERROR;
				CLANG_WARN_DOCUMENTATION_COMMENTS = YES;
				CLANG_WARN_EMPTY_BODY = YES;
				CLANG_WARN_ENUM_CONVERSION = YES;
				CLANG_WARN_INFINITE_RECURSION = YES;
				CLANG_WARN_INT_CONVERSION = YES;
				CLANG_WARN_NON_LITERAL_NULL_CONVERSION = YES;
				CLANG_WARN_OBJC_IMPLICIT_RETAIN_SELF = YES;
				CLANG_WARN_OBJC_LITERAL_CONVERSION = YES;
				CLANG_WARN_OBJC_ROOT_CLASS = YES_ERROR;
				CLANG_WARN_QUOTED_INCLUDE_IN_FRAMEWORK_HEADER = YES;
				CLANG_WARN_RANGE_LOOP_ANALYSIS = YES;
				CLANG_WARN_STRICT_PROTOTYPES = YES;
				CLANG_WARN_SUSPICIOUS_MOVE = YES;
				CLANG_WARN_UNGUARDED_AVAILABILITY = YES_AGGRESSIVE;
				CLANG_WARN_UNREACHABLE_CODE = YES;
				CLANG_WARN__DUPLICATE_METHOD_MATCH = YES;
				COPY_PHASE_STRIP = NO;
				DEAD_CODE_STRIPPING = YES;
				DEBUG_INFORMATION_FORMAT = "dwarf-with-dsym";
				ENABLE_NS_ASSERTIONS = NO;
				ENABLE_STRICT_OBJC_MSGSEND = YES;
				GCC_C_LANGUAGE_STANDARD = gnu11;
				GCC_NO_COMMON_BLOCKS = YES;
				GCC_WARN_64_TO_32_BIT_CONVERSION = YES;
				GCC_WARN_ABOUT_RETURN_TYPE = YES_ERROR;
				GCC_WARN_UNDECLARED_SELECTOR = YES;
				GCC_WARN_UNINITIALIZED_AUTOS = YES_AGGRESSIVE;
				GCC_WARN_UNUSED_FUNCTION = YES;
				GCC_WARN_UNUSED_VARIABLE = YES;
				MACOSX_DEPLOYMENT_TARGET = 12.3;
				MTL_ENABLE_DEBUG_INFO = NO;
				MTL_FAST_MATH = YES;
				SDKROOT = macosx;
				SWIFT_COMPILATION_MODE = wholemodule;
				SWIFT_OPTIMIZATION_LEVEL = "-O";
			};
			name = Release;
		};
		BE682F6F288C31020096346F /* Debug */ = {
			isa = XCBuildConfiguration;
			buildSettings = {
				ASSETCATALOG_COMPILER_APPICON_NAME = AppIcon;
				ASSETCATALOG_COMPILER_GLOBAL_ACCENT_COLOR_NAME = AccentColor;
				CODE_SIGN_ENTITLEMENTS = Biscuit/Biscuit.entitlements;
				CODE_SIGN_IDENTITY = "Apple Development";
				CODE_SIGN_STYLE = Automatic;
				COMBINE_HIDPI_IMAGES = YES;
				CURRENT_PROJECT_VERSION = 1;
				DEAD_CODE_STRIPPING = YES;
				DEVELOPMENT_ASSET_PATHS = "\"Biscuit/Assets/Preview Content\"";
				DEVELOPMENT_TEAM = 2TQPT2TRMX;
				ENABLE_HARDENED_RUNTIME = YES;
				ENABLE_PREVIEWS = YES;
				GENERATE_INFOPLIST_FILE = YES;
				INFOPLIST_KEY_NSHumanReadableCopyright = "";
				LD_RUNPATH_SEARCH_PATHS = (
					"$(inherited)",
					"@executable_path/../Frameworks",
				);
				MARKETING_VERSION = 1.0;
				PRODUCT_BUNDLE_IDENTIFIER = com.magnificat.Biscuit;
				PRODUCT_NAME = "$(TARGET_NAME)";
				SWIFT_EMIT_LOC_STRINGS = YES;
				SWIFT_VERSION = 5.0;
			};
			name = Debug;
		};
		BE682F70288C31020096346F /* Release */ = {
			isa = XCBuildConfiguration;
			buildSettings = {
				ASSETCATALOG_COMPILER_APPICON_NAME = AppIcon;
				ASSETCATALOG_COMPILER_GLOBAL_ACCENT_COLOR_NAME = AccentColor;
				CODE_SIGN_ENTITLEMENTS = Biscuit/Biscuit.entitlements;
				CODE_SIGN_IDENTITY = "Apple Development";
				CODE_SIGN_STYLE = Automatic;
				COMBINE_HIDPI_IMAGES = YES;
				CURRENT_PROJECT_VERSION = 1;
				DEAD_CODE_STRIPPING = YES;
				DEVELOPMENT_ASSET_PATHS = "\"Biscuit/Assets/Preview Content\"";
				DEVELOPMENT_TEAM = 2TQPT2TRMX;
				ENABLE_HARDENED_RUNTIME = YES;
				ENABLE_PREVIEWS = YES;
				GENERATE_INFOPLIST_FILE = YES;
				INFOPLIST_KEY_NSHumanReadableCopyright = "";
				LD_RUNPATH_SEARCH_PATHS = (
					"$(inherited)",
					"@executable_path/../Frameworks",
				);
				MARKETING_VERSION = 1.0;
				PRODUCT_BUNDLE_IDENTIFIER = com.magnificat.Biscuit;
				PRODUCT_NAME = "$(TARGET_NAME)";
				SWIFT_EMIT_LOC_STRINGS = YES;
				SWIFT_VERSION = 5.0;
			};
			name = Release;
		};
/* End XCBuildConfiguration section */

/* Begin XCConfigurationList section */
		BE32D63928A1E0E500EADEF7 /* Build configuration list for PBXNativeTarget "BiscuitTests" */ = {
			isa = XCConfigurationList;
			buildConfigurations = (
				BE32D63A28A1E0E500EADEF7 /* Debug */,
				BE32D63B28A1E0E500EADEF7 /* Release */,
			);
			defaultConfigurationIsVisible = 0;
			defaultConfigurationName = Release;
		};
		BE682F5A288C31010096346F /* Build configuration list for PBXProject "Biscuit" */ = {
			isa = XCConfigurationList;
			buildConfigurations = (
				BE682F6C288C31020096346F /* Debug */,
				BE682F6D288C31020096346F /* Release */,
			);
			defaultConfigurationIsVisible = 0;
			defaultConfigurationName = Release;
		};
		BE682F6E288C31020096346F /* Build configuration list for PBXNativeTarget "Biscuit" */ = {
			isa = XCConfigurationList;
			buildConfigurations = (
				BE682F6F288C31020096346F /* Debug */,
				BE682F70288C31020096346F /* Release */,
			);
			defaultConfigurationIsVisible = 0;
			defaultConfigurationName = Release;
		};
/* End XCConfigurationList section */

/* Begin XCRemoteSwiftPackageReference section */
		BE32D64128A1E26300EADEF7 /* XCRemoteSwiftPackageReference "Factory" */ = {
			isa = XCRemoteSwiftPackageReference;
			repositoryURL = "https://github.com/hmlongco/Factory";
			requirement = {
				kind = exactVersion;
				version = 1.2.8;
			};
		};
		BE5C9EB12899FD1F00F84DE7 /* XCRemoteSwiftPackageReference "Factory" */ = {
			isa = XCRemoteSwiftPackageReference;
			repositoryURL = "https://github.com/hmlongco/Factory";
			requirement = {
				kind = upToNextMajorVersion;
				minimumVersion = 1.0.0;
			};
		};
		BECCCB9628A2024A00BD65BB /* XCRemoteSwiftPackageReference "SwiftyMocky" */ = {
			isa = XCRemoteSwiftPackageReference;
			repositoryURL = "https://github.com/MakeAWishFoundation/SwiftyMocky";
			requirement = {
				branch = master;
				kind = branch;
			};
		};
/* End XCRemoteSwiftPackageReference section */

/* Begin XCSwiftPackageProductDependency section */
		BE32D64228A1E26300EADEF7 /* Factory */ = {
			isa = XCSwiftPackageProductDependency;
			package = BE32D64128A1E26300EADEF7 /* XCRemoteSwiftPackageReference "Factory" */;
			productName = Factory;
		};
		BE32D64728A1E51F00EADEF7 /* Factory */ = {
			isa = XCSwiftPackageProductDependency;
			package = BE5C9EB12899FD1F00F84DE7 /* XCRemoteSwiftPackageReference "Factory" */;
			productName = Factory;
		};
		BECCCB9728A2024A00BD65BB /* SwiftyMocky */ = {
			isa = XCSwiftPackageProductDependency;
			package = BECCCB9628A2024A00BD65BB /* XCRemoteSwiftPackageReference "SwiftyMocky" */;
			productName = SwiftyMocky;
		};
/* End XCSwiftPackageProductDependency section */
	};
	rootObject = BE682F57288C31010096346F /* Project object */;
}
